
Microsoft Visual Studio Solution File, Format Version 12.00
# Visual Studio 15
VisualStudioVersion = 15.0.27130.2024
MinimumVisualStudioVersion = 10.0.40219.1
Project("{2150E333-8FDC-42A3-9474-1A3956D46DE8}") = "src", "src", "{8AD2A324-DAB5-4380-94A5-31F7D817C384}"
EndProject
Project("{2150E333-8FDC-42A3-9474-1A3956D46DE8}") = "test", "test", "{BA0D5243-CFC7-4DEB-9836-657C50195DD1}"
EndProject
Project("{9A19103F-16F7-4668-BE54-9A1E7A4F7556}") = "Microsoft.Health.Fhir.Api", "src\Microsoft.Health.Fhir.Api\Microsoft.Health.Fhir.Api.csproj", "{253029D6-94ED-4F49-9866-1844F263EEBE}"
EndProject
Project("{9A19103F-16F7-4668-BE54-9A1E7A4F7556}") = "Microsoft.Health.Fhir.Api.UnitTests", "src\Microsoft.Health.Fhir.Api.UnitTests\Microsoft.Health.Fhir.Api.UnitTests.csproj", "{F0639CA9-BFD6-46FF-8454-BD8A1965B31A}"
EndProject
Project("{9A19103F-16F7-4668-BE54-9A1E7A4F7556}") = "Microsoft.Health.Fhir.Core", "src\Microsoft.Health.Fhir.Core\Microsoft.Health.Fhir.Core.csproj", "{26D87357-393E-4D1E-B98C-2B38726F184D}"
EndProject
Project("{9A19103F-16F7-4668-BE54-9A1E7A4F7556}") = "Microsoft.Health.Fhir.Core.UnitTests", "src\Microsoft.Health.Fhir.Core.UnitTests\Microsoft.Health.Fhir.Core.UnitTests.csproj", "{1DD14407-505C-419C-A96C-4C008D74BE26}"
EndProject
Project("{9A19103F-16F7-4668-BE54-9A1E7A4F7556}") = "Microsoft.Health.Fhir.CosmosDb", "src\Microsoft.Health.Fhir.CosmosDb\Microsoft.Health.Fhir.CosmosDb.csproj", "{BC1F4876-CD3C-49D2-A469-BD530B53A0FD}"
EndProject
Project("{9A19103F-16F7-4668-BE54-9A1E7A4F7556}") = "Microsoft.Health.Fhir.Web", "src\Microsoft.Health.Fhir.Web\Microsoft.Health.Fhir.Web.csproj", "{DCDE987F-0B50-4233-8661-6B5A251E7CAE}"
EndProject
Project("{9A19103F-16F7-4668-BE54-9A1E7A4F7556}") = "Microsoft.Health.Fhir.Tests.Common", "src\Microsoft.Health.Fhir.Tests.Common\Microsoft.Health.Fhir.Tests.Common.csproj", "{83F1D0BE-F8C4-4244-BB79-B77D92B8F092}"
EndProject
Project("{9A19103F-16F7-4668-BE54-9A1E7A4F7556}") = "Microsoft.Health.Fhir.ValueSets", "src\Microsoft.Health.Fhir.ValueSets\Microsoft.Health.Fhir.ValueSets.csproj", "{2C4E1934-0AD7-4410-91F7-957F265D7C7B}"
EndProject
Project("{9A19103F-16F7-4668-BE54-9A1E7A4F7556}") = "Microsoft.Health.Fhir.Tests.E2E", "test\Microsoft.Health.Fhir.Tests.E2E\Microsoft.Health.Fhir.Tests.E2E.csproj", "{398527F7-5A8E-430F-AE3B-2E0C08B70F42}"
EndProject
Project("{9A19103F-16F7-4668-BE54-9A1E7A4F7556}") = "Microsoft.Health.Fhir.Tests.Integration", "test\Microsoft.Health.Fhir.Tests.Integration\Microsoft.Health.Fhir.Tests.Integration.csproj", "{567D8DB0-B734-4B66-9626-A64BA490C0BA}"
EndProject
Project("{9A19103F-16F7-4668-BE54-9A1E7A4F7556}") = "Microsoft.Health.Fhir.CosmosDb.UnitTests", "src\Microsoft.Health.Fhir.CosmosDb.UnitTests\Microsoft.Health.Fhir.CosmosDb.UnitTests.csproj", "{C015551C-0009-49CE-8C8D-B206BED0BB42}"
EndProject
Project("{9A19103F-16F7-4668-BE54-9A1E7A4F7556}") = "Microsoft.Health.Extensions.DependencyInjection", "src\Microsoft.Health.Extensions.DependencyInjection\Microsoft.Health.Extensions.DependencyInjection.csproj", "{E2C2B117-32CD-449F-A4A8-4C8BA874D693}"
EndProject
Project("{9A19103F-16F7-4668-BE54-9A1E7A4F7556}") = "Microsoft.Health.Extensions.DependencyInjection.UnitTests", "src\Microsoft.Health.Extensions.DependencyInjection.UnitTests\Microsoft.Health.Extensions.DependencyInjection.UnitTests.csproj", "{614DE061-52A0-4471-A3F1-50C9C907FFDB}"
EndProject
Project("{2150E333-8FDC-42A3-9474-1A3956D46DE8}") = "tools", "tools", "{B70945F4-01A6-4351-955B-C4A2943B5E3B}"
EndProject
Project("{9A19103F-16F7-4668-BE54-9A1E7A4F7556}") = "Microsoft.Health.Extensions.BuildTimeCodeGenerator", "tools\Microsoft.Health.Extensions.BuildTimeCodeGenerator\Microsoft.Health.Extensions.BuildTimeCodeGenerator.csproj", "{CA276939-8071-4734-9FE4-ADC825B72116}"
EndProject
Project("{2150E333-8FDC-42A3-9474-1A3956D46DE8}") = "Solution Items", "Solution Items", "{404C6C33-DB00-4182-BD90-F10A8B17C321}"
	ProjectSection(SolutionItems) = preProject
		testauthenvironment.json = testauthenvironment.json
	EndProjectSection
EndProject
Project("{9A19103F-16F7-4668-BE54-9A1E7A4F7556}") = "Microsoft.Health.ControlPlane.Core", "src\Microsoft.Health.ControlPlane.Core\Microsoft.Health.ControlPlane.Core.csproj", "{E2403F57-E9DE-419C-A64D-C45B3C683762}"
EndProject
Project("{9A19103F-16F7-4668-BE54-9A1E7A4F7556}") = "Microsoft.Health.CosmosDb", "src\Microsoft.Health.CosmosDb\Microsoft.Health.CosmosDb.csproj", "{AFE75E20-714A-444C-928D-490CB8469B58}"
EndProject
Project("{9A19103F-16F7-4668-BE54-9A1E7A4F7556}") = "Microsoft.Health.ControlPlane.CosmosDb", "src\Microsoft.Health.ControlPlane.CosmosDb\Microsoft.Health.ControlPlane.CosmosDb.csproj", "{11AB85A3-575C-40E7-A36C-66504B57F07A}"
EndProject
Project("{9A19103F-16F7-4668-BE54-9A1E7A4F7556}") = "Microsoft.Health.Abstractions", "src\Microsoft.Health.Abstractions\Microsoft.Health.Abstractions.csproj", "{E0CD7A0A-116D-4612-83BE-0DE036DADDF1}"
EndProject
Project("{2150E333-8FDC-42A3-9474-1A3956D46DE8}") = "samples", "samples", "{B5F2D2DF-D0C7-4861-8259-F6A041DB9854}"
EndProject
Project("{2150E333-8FDC-42A3-9474-1A3956D46DE8}") = "apps", "apps", "{80E8C5D3-E02C-49C0-969B-0C3A02FA1FF4}"
EndProject
Project("{9A19103F-16F7-4668-BE54-9A1E7A4F7556}") = "SmartLauncher", "samples\apps\SmartLauncher\SmartLauncher.csproj", "{49CA3B9D-7A22-43E0-A434-B0EC38D119A5}"
EndProject
Project("{9A19103F-16F7-4668-BE54-9A1E7A4F7556}") = "Microsoft.Health.CosmosDb.UnitTests", "src\Microsoft.Health.CosmosDb.UnitTests\Microsoft.Health.CosmosDb.UnitTests.csproj", "{A6EDEC42-6828-4ADE-A0B4-2042B4AC65F7}"
EndProject
Project("{9A19103F-16F7-4668-BE54-9A1E7A4F7556}") = "Microsoft.Health.ControlPlane.Core.UnitTests", "src\Microsoft.Health.ControlPlane.Core.UnitTests\Microsoft.Health.ControlPlane.Core.UnitTests.csproj", "{A906D1FB-9282-46A0-ADDC-46726B2C1378}"
EndProject
Project("{9A19103F-16F7-4668-BE54-9A1E7A4F7556}") = "Microsoft.Health.Fhir.Tests.Performance", "perf\Microsoft.Health.Fhir.Tests.Performance\Microsoft.Health.Fhir.Tests.Performance.csproj", "{6EF6B777-9EAE-4F63-9623-9097AD2D7F3C}"
EndProject
Global
	GlobalSection(SolutionConfigurationPlatforms) = preSolution
		Debug|Any CPU = Debug|Any CPU
		Release|Any CPU = Release|Any CPU
	EndGlobalSection
	GlobalSection(ProjectConfigurationPlatforms) = postSolution
		{253029D6-94ED-4F49-9866-1844F263EEBE}.Debug|Any CPU.ActiveCfg = Debug|Any CPU
		{253029D6-94ED-4F49-9866-1844F263EEBE}.Debug|Any CPU.Build.0 = Debug|Any CPU
		{253029D6-94ED-4F49-9866-1844F263EEBE}.Release|Any CPU.ActiveCfg = Release|Any CPU
		{253029D6-94ED-4F49-9866-1844F263EEBE}.Release|Any CPU.Build.0 = Release|Any CPU
		{F0639CA9-BFD6-46FF-8454-BD8A1965B31A}.Debug|Any CPU.ActiveCfg = Debug|Any CPU
		{F0639CA9-BFD6-46FF-8454-BD8A1965B31A}.Debug|Any CPU.Build.0 = Debug|Any CPU
		{F0639CA9-BFD6-46FF-8454-BD8A1965B31A}.Release|Any CPU.ActiveCfg = Release|Any CPU
		{F0639CA9-BFD6-46FF-8454-BD8A1965B31A}.Release|Any CPU.Build.0 = Release|Any CPU
		{26D87357-393E-4D1E-B98C-2B38726F184D}.Debug|Any CPU.ActiveCfg = Debug|Any CPU
		{26D87357-393E-4D1E-B98C-2B38726F184D}.Debug|Any CPU.Build.0 = Debug|Any CPU
		{26D87357-393E-4D1E-B98C-2B38726F184D}.Release|Any CPU.ActiveCfg = Release|Any CPU
		{26D87357-393E-4D1E-B98C-2B38726F184D}.Release|Any CPU.Build.0 = Release|Any CPU
		{1DD14407-505C-419C-A96C-4C008D74BE26}.Debug|Any CPU.ActiveCfg = Debug|Any CPU
		{1DD14407-505C-419C-A96C-4C008D74BE26}.Debug|Any CPU.Build.0 = Debug|Any CPU
		{1DD14407-505C-419C-A96C-4C008D74BE26}.Release|Any CPU.ActiveCfg = Release|Any CPU
		{1DD14407-505C-419C-A96C-4C008D74BE26}.Release|Any CPU.Build.0 = Release|Any CPU
		{BC1F4876-CD3C-49D2-A469-BD530B53A0FD}.Debug|Any CPU.ActiveCfg = Debug|Any CPU
		{BC1F4876-CD3C-49D2-A469-BD530B53A0FD}.Debug|Any CPU.Build.0 = Debug|Any CPU
		{BC1F4876-CD3C-49D2-A469-BD530B53A0FD}.Release|Any CPU.ActiveCfg = Release|Any CPU
		{BC1F4876-CD3C-49D2-A469-BD530B53A0FD}.Release|Any CPU.Build.0 = Release|Any CPU
		{DCDE987F-0B50-4233-8661-6B5A251E7CAE}.Debug|Any CPU.ActiveCfg = Debug|Any CPU
		{DCDE987F-0B50-4233-8661-6B5A251E7CAE}.Debug|Any CPU.Build.0 = Debug|Any CPU
		{DCDE987F-0B50-4233-8661-6B5A251E7CAE}.Release|Any CPU.ActiveCfg = Release|Any CPU
		{DCDE987F-0B50-4233-8661-6B5A251E7CAE}.Release|Any CPU.Build.0 = Release|Any CPU
		{83F1D0BE-F8C4-4244-BB79-B77D92B8F092}.Debug|Any CPU.ActiveCfg = Debug|Any CPU
		{83F1D0BE-F8C4-4244-BB79-B77D92B8F092}.Debug|Any CPU.Build.0 = Debug|Any CPU
		{83F1D0BE-F8C4-4244-BB79-B77D92B8F092}.Release|Any CPU.ActiveCfg = Release|Any CPU
		{83F1D0BE-F8C4-4244-BB79-B77D92B8F092}.Release|Any CPU.Build.0 = Release|Any CPU
		{2C4E1934-0AD7-4410-91F7-957F265D7C7B}.Debug|Any CPU.ActiveCfg = Debug|Any CPU
		{2C4E1934-0AD7-4410-91F7-957F265D7C7B}.Debug|Any CPU.Build.0 = Debug|Any CPU
		{2C4E1934-0AD7-4410-91F7-957F265D7C7B}.Release|Any CPU.ActiveCfg = Release|Any CPU
		{2C4E1934-0AD7-4410-91F7-957F265D7C7B}.Release|Any CPU.Build.0 = Release|Any CPU
		{398527F7-5A8E-430F-AE3B-2E0C08B70F42}.Debug|Any CPU.ActiveCfg = Debug|Any CPU
		{398527F7-5A8E-430F-AE3B-2E0C08B70F42}.Debug|Any CPU.Build.0 = Debug|Any CPU
		{398527F7-5A8E-430F-AE3B-2E0C08B70F42}.Release|Any CPU.ActiveCfg = Release|Any CPU
		{398527F7-5A8E-430F-AE3B-2E0C08B70F42}.Release|Any CPU.Build.0 = Release|Any CPU
		{567D8DB0-B734-4B66-9626-A64BA490C0BA}.Debug|Any CPU.ActiveCfg = Debug|Any CPU
		{567D8DB0-B734-4B66-9626-A64BA490C0BA}.Debug|Any CPU.Build.0 = Debug|Any CPU
		{567D8DB0-B734-4B66-9626-A64BA490C0BA}.Release|Any CPU.ActiveCfg = Release|Any CPU
		{567D8DB0-B734-4B66-9626-A64BA490C0BA}.Release|Any CPU.Build.0 = Release|Any CPU
		{C015551C-0009-49CE-8C8D-B206BED0BB42}.Debug|Any CPU.ActiveCfg = Debug|Any CPU
		{C015551C-0009-49CE-8C8D-B206BED0BB42}.Debug|Any CPU.Build.0 = Debug|Any CPU
		{C015551C-0009-49CE-8C8D-B206BED0BB42}.Release|Any CPU.ActiveCfg = Release|Any CPU
		{C015551C-0009-49CE-8C8D-B206BED0BB42}.Release|Any CPU.Build.0 = Release|Any CPU
		{E2C2B117-32CD-449F-A4A8-4C8BA874D693}.Debug|Any CPU.ActiveCfg = Debug|Any CPU
		{E2C2B117-32CD-449F-A4A8-4C8BA874D693}.Debug|Any CPU.Build.0 = Debug|Any CPU
		{E2C2B117-32CD-449F-A4A8-4C8BA874D693}.Release|Any CPU.ActiveCfg = Release|Any CPU
		{E2C2B117-32CD-449F-A4A8-4C8BA874D693}.Release|Any CPU.Build.0 = Release|Any CPU
		{614DE061-52A0-4471-A3F1-50C9C907FFDB}.Debug|Any CPU.ActiveCfg = Debug|Any CPU
		{614DE061-52A0-4471-A3F1-50C9C907FFDB}.Debug|Any CPU.Build.0 = Debug|Any CPU
		{614DE061-52A0-4471-A3F1-50C9C907FFDB}.Release|Any CPU.ActiveCfg = Release|Any CPU
		{614DE061-52A0-4471-A3F1-50C9C907FFDB}.Release|Any CPU.Build.0 = Release|Any CPU
		{CA276939-8071-4734-9FE4-ADC825B72116}.Debug|Any CPU.ActiveCfg = Debug|Any CPU
		{CA276939-8071-4734-9FE4-ADC825B72116}.Debug|Any CPU.Build.0 = Debug|Any CPU
		{CA276939-8071-4734-9FE4-ADC825B72116}.Release|Any CPU.ActiveCfg = Release|Any CPU
		{CA276939-8071-4734-9FE4-ADC825B72116}.Release|Any CPU.Build.0 = Release|Any CPU
		{E2403F57-E9DE-419C-A64D-C45B3C683762}.Debug|Any CPU.ActiveCfg = Debug|Any CPU
		{E2403F57-E9DE-419C-A64D-C45B3C683762}.Debug|Any CPU.Build.0 = Debug|Any CPU
		{E2403F57-E9DE-419C-A64D-C45B3C683762}.Release|Any CPU.ActiveCfg = Release|Any CPU
		{E2403F57-E9DE-419C-A64D-C45B3C683762}.Release|Any CPU.Build.0 = Release|Any CPU
		{AFE75E20-714A-444C-928D-490CB8469B58}.Debug|Any CPU.ActiveCfg = Debug|Any CPU
		{AFE75E20-714A-444C-928D-490CB8469B58}.Debug|Any CPU.Build.0 = Debug|Any CPU
		{AFE75E20-714A-444C-928D-490CB8469B58}.Release|Any CPU.ActiveCfg = Release|Any CPU
		{AFE75E20-714A-444C-928D-490CB8469B58}.Release|Any CPU.Build.0 = Release|Any CPU
		{11AB85A3-575C-40E7-A36C-66504B57F07A}.Debug|Any CPU.ActiveCfg = Debug|Any CPU
		{11AB85A3-575C-40E7-A36C-66504B57F07A}.Debug|Any CPU.Build.0 = Debug|Any CPU
		{11AB85A3-575C-40E7-A36C-66504B57F07A}.Release|Any CPU.ActiveCfg = Release|Any CPU
		{11AB85A3-575C-40E7-A36C-66504B57F07A}.Release|Any CPU.Build.0 = Release|Any CPU
		{E0CD7A0A-116D-4612-83BE-0DE036DADDF1}.Debug|Any CPU.ActiveCfg = Debug|Any CPU
		{E0CD7A0A-116D-4612-83BE-0DE036DADDF1}.Debug|Any CPU.Build.0 = Debug|Any CPU
		{E0CD7A0A-116D-4612-83BE-0DE036DADDF1}.Release|Any CPU.ActiveCfg = Release|Any CPU
		{E0CD7A0A-116D-4612-83BE-0DE036DADDF1}.Release|Any CPU.Build.0 = Release|Any CPU
		{49CA3B9D-7A22-43E0-A434-B0EC38D119A5}.Debug|Any CPU.ActiveCfg = Debug|Any CPU
		{49CA3B9D-7A22-43E0-A434-B0EC38D119A5}.Debug|Any CPU.Build.0 = Debug|Any CPU
		{49CA3B9D-7A22-43E0-A434-B0EC38D119A5}.Release|Any CPU.ActiveCfg = Release|Any CPU
		{49CA3B9D-7A22-43E0-A434-B0EC38D119A5}.Release|Any CPU.Build.0 = Release|Any CPU
		{A6EDEC42-6828-4ADE-A0B4-2042B4AC65F7}.Debug|Any CPU.ActiveCfg = Debug|Any CPU
		{A6EDEC42-6828-4ADE-A0B4-2042B4AC65F7}.Debug|Any CPU.Build.0 = Debug|Any CPU
		{A6EDEC42-6828-4ADE-A0B4-2042B4AC65F7}.Release|Any CPU.ActiveCfg = Release|Any CPU
		{A6EDEC42-6828-4ADE-A0B4-2042B4AC65F7}.Release|Any CPU.Build.0 = Release|Any CPU
		{A906D1FB-9282-46A0-ADDC-46726B2C1378}.Debug|Any CPU.ActiveCfg = Debug|Any CPU
		{A906D1FB-9282-46A0-ADDC-46726B2C1378}.Debug|Any CPU.Build.0 = Debug|Any CPU
		{A906D1FB-9282-46A0-ADDC-46726B2C1378}.Release|Any CPU.ActiveCfg = Release|Any CPU
		{A906D1FB-9282-46A0-ADDC-46726B2C1378}.Release|Any CPU.Build.0 = Release|Any CPU
		{6EF6B777-9EAE-4F63-9623-9097AD2D7F3C}.Debug|Any CPU.ActiveCfg = Debug|Any CPU
		{6EF6B777-9EAE-4F63-9623-9097AD2D7F3C}.Debug|Any CPU.Build.0 = Debug|Any CPU
		{6EF6B777-9EAE-4F63-9623-9097AD2D7F3C}.Release|Any CPU.ActiveCfg = Release|Any CPU
		{6EF6B777-9EAE-4F63-9623-9097AD2D7F3C}.Release|Any CPU.Build.0 = Release|Any CPU
	EndGlobalSection
	GlobalSection(SolutionProperties) = preSolution
		HideSolutionNode = FALSE
	EndGlobalSection
	GlobalSection(NestedProjects) = preSolution
		{253029D6-94ED-4F49-9866-1844F263EEBE} = {8AD2A324-DAB5-4380-94A5-31F7D817C384}
		{F0639CA9-BFD6-46FF-8454-BD8A1965B31A} = {8AD2A324-DAB5-4380-94A5-31F7D817C384}
		{26D87357-393E-4D1E-B98C-2B38726F184D} = {8AD2A324-DAB5-4380-94A5-31F7D817C384}
		{1DD14407-505C-419C-A96C-4C008D74BE26} = {8AD2A324-DAB5-4380-94A5-31F7D817C384}
		{BC1F4876-CD3C-49D2-A469-BD530B53A0FD} = {8AD2A324-DAB5-4380-94A5-31F7D817C384}
		{DCDE987F-0B50-4233-8661-6B5A251E7CAE} = {8AD2A324-DAB5-4380-94A5-31F7D817C384}
		{83F1D0BE-F8C4-4244-BB79-B77D92B8F092} = {8AD2A324-DAB5-4380-94A5-31F7D817C384}
		{2C4E1934-0AD7-4410-91F7-957F265D7C7B} = {8AD2A324-DAB5-4380-94A5-31F7D817C384}
		{398527F7-5A8E-430F-AE3B-2E0C08B70F42} = {BA0D5243-CFC7-4DEB-9836-657C50195DD1}
		{567D8DB0-B734-4B66-9626-A64BA490C0BA} = {BA0D5243-CFC7-4DEB-9836-657C50195DD1}
		{C015551C-0009-49CE-8C8D-B206BED0BB42} = {8AD2A324-DAB5-4380-94A5-31F7D817C384}
		{E2C2B117-32CD-449F-A4A8-4C8BA874D693} = {8AD2A324-DAB5-4380-94A5-31F7D817C384}
		{614DE061-52A0-4471-A3F1-50C9C907FFDB} = {8AD2A324-DAB5-4380-94A5-31F7D817C384}
		{CA276939-8071-4734-9FE4-ADC825B72116} = {B70945F4-01A6-4351-955B-C4A2943B5E3B}
		{E2403F57-E9DE-419C-A64D-C45B3C683762} = {8AD2A324-DAB5-4380-94A5-31F7D817C384}
		{AFE75E20-714A-444C-928D-490CB8469B58} = {8AD2A324-DAB5-4380-94A5-31F7D817C384}
		{11AB85A3-575C-40E7-A36C-66504B57F07A} = {8AD2A324-DAB5-4380-94A5-31F7D817C384}
		{E0CD7A0A-116D-4612-83BE-0DE036DADDF1} = {8AD2A324-DAB5-4380-94A5-31F7D817C384}
		{80E8C5D3-E02C-49C0-969B-0C3A02FA1FF4} = {B5F2D2DF-D0C7-4861-8259-F6A041DB9854}
		{49CA3B9D-7A22-43E0-A434-B0EC38D119A5} = {80E8C5D3-E02C-49C0-969B-0C3A02FA1FF4}
		{A6EDEC42-6828-4ADE-A0B4-2042B4AC65F7} = {8AD2A324-DAB5-4380-94A5-31F7D817C384}
		{A906D1FB-9282-46A0-ADDC-46726B2C1378} = {8AD2A324-DAB5-4380-94A5-31F7D817C384}
		{6EF6B777-9EAE-4F63-9623-9097AD2D7F3C} = {BA0D5243-CFC7-4DEB-9836-657C50195DD1}
	EndGlobalSection
	GlobalSection(ExtensibilityGlobals) = postSolution
		RESX_SortFileContentOnSave = True
		SolutionGuid = {E370FB31-CF95-47D1-B1E1-863A77973FF8}
	EndGlobalSection
EndGlobal
