
Microsoft Visual Studio Solution File, Format Version 12.00
# Visual Studio Version 17
VisualStudioVersion = 17.0.31919.166
MinimumVisualStudioVersion = 10.0.40219.1
Project("{2150E333-8FDC-42A3-9474-1A3956D46DE8}") = "src", "src", "{8AD2A324-DAB5-4380-94A5-31F7D817C384}"
EndProject
Project("{2150E333-8FDC-42A3-9474-1A3956D46DE8}") = "test", "test", "{BA0D5243-CFC7-4DEB-9836-657C50195DD1}"
EndProject
Project("{9A19103F-16F7-4668-BE54-9A1E7A4F7556}") = "Microsoft.Health.Fhir.Api", "src\Microsoft.Health.Fhir.Api\Microsoft.Health.Fhir.Api.csproj", "{253029D6-94ED-4F49-9866-1844F263EEBE}"
EndProject
Project("{9A19103F-16F7-4668-BE54-9A1E7A4F7556}") = "Microsoft.Health.Fhir.R4.Api.UnitTests", "src\Microsoft.Health.Fhir.Api.UnitTests\Microsoft.Health.Fhir.R4.Api.UnitTests.csproj", "{F0639CA9-BFD6-46FF-8454-BD8A1965B31A}"
EndProject
Project("{9A19103F-16F7-4668-BE54-9A1E7A4F7556}") = "Microsoft.Health.Fhir.Core", "src\Microsoft.Health.Fhir.Core\Microsoft.Health.Fhir.Core.csproj", "{26D87357-393E-4D1E-B98C-2B38726F184D}"
EndProject
Project("{9A19103F-16F7-4668-BE54-9A1E7A4F7556}") = "Microsoft.Health.Fhir.Core.UnitTests", "src\Microsoft.Health.Fhir.Core.UnitTests\Microsoft.Health.Fhir.Core.UnitTests.csproj", "{1DD14407-505C-419C-A96C-4C008D74BE26}"
EndProject
Project("{9A19103F-16F7-4668-BE54-9A1E7A4F7556}") = "Microsoft.Health.Fhir.CosmosDb", "src\Microsoft.Health.Fhir.CosmosDb\Microsoft.Health.Fhir.CosmosDb.csproj", "{BC1F4876-CD3C-49D2-A469-BD530B53A0FD}"
EndProject
Project("{9A19103F-16F7-4668-BE54-9A1E7A4F7556}") = "Microsoft.Health.Fhir.Stu3.Web", "src\Microsoft.Health.Fhir.Stu3.Web\Microsoft.Health.Fhir.Stu3.Web.csproj", "{DCDE987F-0B50-4233-8661-6B5A251E7CAE}"
EndProject
Project("{9A19103F-16F7-4668-BE54-9A1E7A4F7556}") = "Microsoft.Health.Fhir.Tests.Common", "src\Microsoft.Health.Fhir.Tests.Common\Microsoft.Health.Fhir.Tests.Common.csproj", "{83F1D0BE-F8C4-4244-BB79-B77D92B8F092}"
EndProject
Project("{9A19103F-16F7-4668-BE54-9A1E7A4F7556}") = "Microsoft.Health.Fhir.ValueSets", "src\Microsoft.Health.Fhir.ValueSets\Microsoft.Health.Fhir.ValueSets.csproj", "{2C4E1934-0AD7-4410-91F7-957F265D7C7B}"
EndProject
Project("{9A19103F-16F7-4668-BE54-9A1E7A4F7556}") = "Microsoft.Health.Fhir.CosmosDb.UnitTests", "src\Microsoft.Health.Fhir.CosmosDb.UnitTests\Microsoft.Health.Fhir.CosmosDb.UnitTests.csproj", "{C015551C-0009-49CE-8C8D-B206BED0BB42}"
EndProject
Project("{2150E333-8FDC-42A3-9474-1A3956D46DE8}") = "tools", "tools", "{B70945F4-01A6-4351-955B-C4A2943B5E3B}"
EndProject
Project("{2150E333-8FDC-42A3-9474-1A3956D46DE8}") = "Solution Items", "Solution Items", "{404C6C33-DB00-4182-BD90-F10A8B17C321}"
	ProjectSection(SolutionItems) = preProject
		.editorconfig = .editorconfig
		CustomAnalysisRules.ruleset = CustomAnalysisRules.ruleset
		CustomAnalysisRules.Test.ruleset = CustomAnalysisRules.Test.ruleset
		Directory.Build.props = Directory.Build.props
		GitVersion.yml = GitVersion.yml
		global.json = global.json
		testauthenvironment.json = testauthenvironment.json
	EndProjectSection
EndProject
Project("{2150E333-8FDC-42A3-9474-1A3956D46DE8}") = "samples", "samples", "{B5F2D2DF-D0C7-4861-8259-F6A041DB9854}"
EndProject
Project("{2150E333-8FDC-42A3-9474-1A3956D46DE8}") = "apps", "apps", "{80E8C5D3-E02C-49C0-969B-0C3A02FA1FF4}"
EndProject
Project("{9A19103F-16F7-4668-BE54-9A1E7A4F7556}") = "SmartLauncher", "samples\apps\SmartLauncher\SmartLauncher.csproj", "{49CA3B9D-7A22-43E0-A434-B0EC38D119A5}"
EndProject
Project("{2150E333-8FDC-42A3-9474-1A3956D46DE8}") = "FHIR", "FHIR", "{7457B218-2651-49B5-BED8-22233889516A}"
EndProject
Project("{9A19103F-16F7-4668-BE54-9A1E7A4F7556}") = "Microsoft.Health.Fhir.Stu3.Core", "src\Microsoft.Health.Fhir.Stu3.Core\Microsoft.Health.Fhir.Stu3.Core.csproj", "{C6759C03-6060-44D7-B44D-0BD89908B741}"
EndProject
Project("{9A19103F-16F7-4668-BE54-9A1E7A4F7556}") = "Microsoft.Health.Fhir.SqlServer", "src\Microsoft.Health.Fhir.SqlServer\Microsoft.Health.Fhir.SqlServer.csproj", "{87849B3F-5D12-41CA-A082-FAC065EF9FD8}"
EndProject
Project("{9A19103F-16F7-4668-BE54-9A1E7A4F7556}") = "Microsoft.Health.Extensions.Xunit", "src\Microsoft.Health.Extensions.Xunit\Microsoft.Health.Extensions.Xunit.csproj", "{4DDF9576-E22C-460A-937F-0EE0FEA6DB87}"
EndProject
Project("{9A19103F-16F7-4668-BE54-9A1E7A4F7556}") = "Microsoft.Health.Fhir.SqlServer.UnitTests", "src\Microsoft.Health.Fhir.SqlServer.UnitTests\Microsoft.Health.Fhir.SqlServer.UnitTests.csproj", "{E02E5224-32CD-490F-B1E5-8509AD669334}"
EndProject
Project("{9A19103F-16F7-4668-BE54-9A1E7A4F7556}") = "Microsoft.Health.Fhir.R4.Core", "src\Microsoft.Health.Fhir.R4.Core\Microsoft.Health.Fhir.R4.Core.csproj", "{070759A9-51D9-4967-8651-39CCA8288C93}"
EndProject
Project("{9A19103F-16F7-4668-BE54-9A1E7A4F7556}") = "Microsoft.Health.Fhir.R4.Core.UnitTests", "src\Microsoft.Health.Fhir.R4.Core.UnitTests\Microsoft.Health.Fhir.R4.Core.UnitTests.csproj", "{D933AC8A-3CE5-4F03-AEE4-9AC0D0274D80}"
EndProject
Project("{D954291E-2A0B-460D-934E-DC6B0785DB48}") = "Microsoft.Health.Fhir.Shared.Tests.Common", "src\Microsoft.Health.Fhir.Shared.Tests\Microsoft.Health.Fhir.Shared.Tests.Common.shproj", "{1495BBA7-07B8-47CA-B2ED-511003B57667}"
EndProject
Project("{D954291E-2A0B-460D-934E-DC6B0785DB48}") = "Microsoft.Health.Fhir.Shared.Core", "src\Microsoft.Health.Fhir.Shared.Core\Microsoft.Health.Fhir.Shared.Core.shproj", "{295745E2-4DD3-4AAB-908D-B3DEE976BF0E}"
EndProject
Project("{D954291E-2A0B-460D-934E-DC6B0785DB48}") = "Microsoft.Health.Fhir.Shared.Core.UnitTests", "src\Microsoft.Health.Fhir.Shared.Core.UnitTests\Microsoft.Health.Fhir.Shared.Core.UnitTests.shproj", "{DF7FB46C-281A-48C9-A86E-F1F9314636E0}"
EndProject
Project("{9A19103F-16F7-4668-BE54-9A1E7A4F7556}") = "Microsoft.Health.Fhir.Stu3.Core.UnitTests", "src\Microsoft.Health.Fhir.Stu3.Core.UnitTests\Microsoft.Health.Fhir.Stu3.Core.UnitTests.csproj", "{443ECDA6-E05B-4BB0-90D9-441FB77CD919}"
EndProject
Project("{9A19103F-16F7-4668-BE54-9A1E7A4F7556}") = "Microsoft.Health.Fhir.Stu3.Api", "src\Microsoft.Health.Fhir.Stu3.Api\Microsoft.Health.Fhir.Stu3.Api.csproj", "{85428D07-39A0-473F-B3BD-0F2C98A1A5F5}"
EndProject
Project("{D954291E-2A0B-460D-934E-DC6B0785DB48}") = "Microsoft.Health.Fhir.Shared.Api", "src\Microsoft.Health.Fhir.Shared.Api\Microsoft.Health.Fhir.Shared.Api.shproj", "{4B4ABB04-42BA-461C-A202-E480A2AE538E}"
EndProject
Project("{9A19103F-16F7-4668-BE54-9A1E7A4F7556}") = "Microsoft.Health.Fhir.R4.Api", "src\Microsoft.Health.Fhir.R4.Api\Microsoft.Health.Fhir.R4.Api.csproj", "{D3D42FB0-72D6-4A67-AC58-9CA1274DBFE1}"
EndProject
Project("{D954291E-2A0B-460D-934E-DC6B0785DB48}") = "Microsoft.Health.Fhir.Shared.Api.UnitTests", "src\Microsoft.Health.Fhir.Shared.Api.UnitTests\Microsoft.Health.Fhir.Shared.Api.UnitTests.shproj", "{FCBAD356-8AF3-41B0-B578-EAAEF6A5D365}"
EndProject
Project("{9A19103F-16F7-4668-BE54-9A1E7A4F7556}") = "Microsoft.Health.Fhir.Stu3.Api.UnitTests", "src\Microsoft.Health.Fhir.Stu3.Api.UnitTests\Microsoft.Health.Fhir.Stu3.Api.UnitTests.csproj", "{734CAC7F-D979-4639-8067-A0875C0691F2}"
EndProject
Project("{D954291E-2A0B-460D-934E-DC6B0785DB48}") = "Microsoft.Health.Fhir.Shared.Web", "src\Microsoft.Health.Fhir.Shared.Web\Microsoft.Health.Fhir.Shared.Web.shproj", "{934CA8BB-B0A7-4187-BF4D-C937FBBA1777}"
EndProject
Project("{9A19103F-16F7-4668-BE54-9A1E7A4F7556}") = "Microsoft.Health.Fhir.R4.Web", "src\Microsoft.Health.Fhir.R4.Web\Microsoft.Health.Fhir.R4.Web.csproj", "{8B173BA3-2018-4BB7-B32A-D4A9FC7984EB}"
EndProject
Project("{D954291E-2A0B-460D-934E-DC6B0785DB48}") = "Microsoft.Health.Fhir.Shared.Tests.E2E", "test\Microsoft.Health.Fhir.Shared.Tests.E2E\Microsoft.Health.Fhir.Shared.Tests.E2E.shproj", "{A898CC57-69D0-4454-BB70-784C138A05BF}"
EndProject
Project("{9A19103F-16F7-4668-BE54-9A1E7A4F7556}") = "Microsoft.Health.Fhir.Stu3.Tests.E2E", "test\Microsoft.Health.Fhir.Stu3.Tests.E2E\Microsoft.Health.Fhir.Stu3.Tests.E2E.csproj", "{49DA2851-2A19-4969-AE87-94837BACBE7D}"
EndProject
Project("{9A19103F-16F7-4668-BE54-9A1E7A4F7556}") = "Microsoft.Health.Fhir.R4.Tests.E2E", "test\Microsoft.Health.Fhir.R4.Tests.E2E\Microsoft.Health.Fhir.R4.Tests.E2E.csproj", "{7F2B9209-2C50-42ED-961B-A09CC8A26A07}"
EndProject
Project("{9A19103F-16F7-4668-BE54-9A1E7A4F7556}") = "Microsoft.Health.Fhir.Azure", "src\Microsoft.Health.Fhir.Azure\Microsoft.Health.Fhir.Azure.csproj", "{6A804695-44D9-4335-B559-9E9A0DAB1102}"
EndProject
Project("{D954291E-2A0B-460D-934E-DC6B0785DB48}") = "Microsoft.Health.Fhir.Shared.Tests.Crucible", "test\Microsoft.Health.Fhir.Shared.Tests.Crucible\Microsoft.Health.Fhir.Shared.Tests.Crucible.shproj", "{218CD980-E236-4EF7-A022-0E94EF844D8F}"
EndProject
Project("{D954291E-2A0B-460D-934E-DC6B0785DB48}") = "Microsoft.Health.Fhir.Shared.Tests.E2E.Common", "test\Microsoft.Health.Fhir.Shared.Tests.E2E.Common\Microsoft.Health.Fhir.Shared.Tests.E2E.Common.shproj", "{0478B687-7105-40F6-A2DC-81057890E944}"
EndProject
Project("{9A19103F-16F7-4668-BE54-9A1E7A4F7556}") = "Microsoft.Health.Fhir.Azure.UnitTests", "src\Microsoft.Health.Fhir.Azure.UnitTests\Microsoft.Health.Fhir.Azure.UnitTests.csproj", "{4C4701AA-8DE4-44B2-8134-102F040C34F8}"
EndProject
Project("{9A19103F-16F7-4668-BE54-9A1E7A4F7556}") = "Microsoft.Health.Fhir.R4.Tests.Integration", "test\Microsoft.Health.Fhir.R4.Tests.Integration\Microsoft.Health.Fhir.R4.Tests.Integration.csproj", "{61443024-E60B-4E61-9851-B8D57A8886DC}"
EndProject
Project("{9A19103F-16F7-4668-BE54-9A1E7A4F7556}") = "Microsoft.Health.Fhir.Stu3.Tests.Integration", "test\Microsoft.Health.Fhir.Stu3.Tests.Integration\Microsoft.Health.Fhir.Stu3.Tests.Integration.csproj", "{514B56AD-4E95-46AF-9976-2C68791E157E}"
EndProject
Project("{D954291E-2A0B-460D-934E-DC6B0785DB48}") = "Microsoft.Health.Fhir.Shared.Tests.Integration", "test\Microsoft.Health.Fhir.Shared.Tests.Integration\Microsoft.Health.Fhir.Shared.Tests.Integration.shproj", "{8AE4A7FD-C963-4004-8086-83E4615AC357}"
EndProject
Project("{2150E333-8FDC-42A3-9474-1A3956D46DE8}") = "Core", "Core", "{38B3BA4A-3510-4615-BCC4-4C9B96A486C4}"
EndProject
Project("{2150E333-8FDC-42A3-9474-1A3956D46DE8}") = "Api", "Api", "{1295CCC3-73FB-4376-AE95-F6F31A37B152}"
EndProject
Project("{2150E333-8FDC-42A3-9474-1A3956D46DE8}") = "Web", "Web", "{323F60C6-936A-4C5B-AF6A-F27E93AA7B05}"
EndProject
Project("{2150E333-8FDC-42A3-9474-1A3956D46DE8}") = "E2E", "E2E", "{85F39C13-BC62-49A0-9C06-3BBA724D35ED}"
EndProject
Project("{2150E333-8FDC-42A3-9474-1A3956D46DE8}") = "Integration", "Integration", "{FCD51BAF-BFE5-476F-B562-C9AB36AA9839}"
EndProject
Project("{2150E333-8FDC-42A3-9474-1A3956D46DE8}") = "DataStore", "DataStore", "{DC5A2CB1-8995-4D39-97FE-3CE80E892C69}"
EndProject
Project("{9A19103F-16F7-4668-BE54-9A1E7A4F7556}") = "Microsoft.Health.Fhir.R5.Core", "src\Microsoft.Health.Fhir.R5.Core\Microsoft.Health.Fhir.R5.Core.csproj", "{28EE5D89-E439-46E1-BBE0-5AE986D409C7}"
EndProject
Project("{9A19103F-16F7-4668-BE54-9A1E7A4F7556}") = "Microsoft.Health.Fhir.R5.Core.UnitTests", "src\Microsoft.Health.Fhir.R5.Core.UnitTests\Microsoft.Health.Fhir.R5.Core.UnitTests.csproj", "{1B944B8A-54F2-4AF3-A38A-CA7F1AB5C618}"
EndProject
Project("{9A19103F-16F7-4668-BE54-9A1E7A4F7556}") = "Microsoft.Health.Fhir.R5.Api", "src\Microsoft.Health.Fhir.R5.Api\Microsoft.Health.Fhir.R5.Api.csproj", "{D5ECB95C-A199-4690-9BA9-4EF7E8126D81}"
EndProject
Project("{9A19103F-16F7-4668-BE54-9A1E7A4F7556}") = "Microsoft.Health.Fhir.R5.Api.UnitTests", "src\Microsoft.Health.Fhir.R5.Api.UnitTests\Microsoft.Health.Fhir.R5.Api.UnitTests.csproj", "{8C3A5E1A-3BA8-4F50-A0BA-99A149EDBEE6}"
EndProject
Project("{9A19103F-16F7-4668-BE54-9A1E7A4F7556}") = "Microsoft.Health.Fhir.R5.Web", "src\Microsoft.Health.Fhir.R5.Web\Microsoft.Health.Fhir.R5.Web.csproj", "{E8AEC3F3-EFBB-4439-95FF-E45613CC7DA2}"
EndProject
Project("{9A19103F-16F7-4668-BE54-9A1E7A4F7556}") = "Microsoft.Health.Fhir.R5.Tests.E2E", "test\Microsoft.Health.Fhir.R5.Tests.E2E\Microsoft.Health.Fhir.R5.Tests.E2E.csproj", "{B956E6F9-92A6-43F2-934B-1EB20FA8BBA3}"
EndProject
Project("{9A19103F-16F7-4668-BE54-9A1E7A4F7556}") = "Microsoft.Health.Fhir.R5.Tests.Integration", "test\Microsoft.Health.Fhir.R5.Tests.Integration\Microsoft.Health.Fhir.R5.Tests.Integration.csproj", "{E18E488B-EE9C-4735-81B1-65C74DAE83CF}"
EndProject
Project("{9A19103F-16F7-4668-BE54-9A1E7A4F7556}") = "Microsoft.Health.Fhir.R4.Client", "src\Microsoft.Health.Fhir.R4.Client\Microsoft.Health.Fhir.R4.Client.csproj", "{C65993F8-E77B-4F7A-BE49-5CAE9DCA3162}"
EndProject
Project("{D954291E-2A0B-460D-934E-DC6B0785DB48}") = "Microsoft.Health.Fhir.Shared.Client", "src\Microsoft.Health.Fhir.Shared.Client\Microsoft.Health.Fhir.Shared.Client.shproj", "{A4C416DB-67B9-48AE-BC67-96BFCED1BCF5}"
EndProject
Project("{9A19103F-16F7-4668-BE54-9A1E7A4F7556}") = "Microsoft.Health.Fhir.R5.Client", "src\Microsoft.Health.Fhir.R5.Client\Microsoft.Health.Fhir.R5.Client.csproj", "{4640D17C-7229-4D90-A330-0423DFC3FFC5}"
EndProject
Project("{9A19103F-16F7-4668-BE54-9A1E7A4F7556}") = "Microsoft.Health.Fhir.Stu3.Client", "src\Microsoft.Health.Fhir.Stu3.Client\Microsoft.Health.Fhir.Stu3.Client.csproj", "{743EA25C-A6F5-4B41-BC56-69D9A89386A3}"
EndProject
Project("{2150E333-8FDC-42A3-9474-1A3956D46DE8}") = "Client", "Client", "{83B3EE6D-693E-4E86-A925-28B1A108268E}"
EndProject
Project("{D954291E-2A0B-460D-934E-DC6B0785DB48}") = "Microsoft.Health.Fhir.Shared.Tests.Smart", "test\Microsoft.Health.Fhir.Shared.Tests.Smart\Microsoft.Health.Fhir.Shared.Tests.Smart.shproj", "{A955963B-D766-492D-94FD-98A8B9EA8931}"
EndProject
Project("{9A19103F-16F7-4668-BE54-9A1E7A4F7556}") = "Microsoft.Health.TaskManagement", "src\Microsoft.Health.TaskManagement\Microsoft.Health.TaskManagement.csproj", "{03AD4FC4-A56F-4E94-B295-B02A9E3E3CCD}"
EndProject
Project("{9A19103F-16F7-4668-BE54-9A1E7A4F7556}") = "Microsoft.Health.TaskManagement.UnitTests", "src\Microsoft.Health.TaskManagement.UnitTests\Microsoft.Health.TaskManagement.UnitTests.csproj", "{BB7512E7-E148-4AF8-9D34-AA47A6AE692D}"
EndProject
Project("{9A19103F-16F7-4668-BE54-9A1E7A4F7556}") = "Microsoft.Health.Fhir.Store.Utils", "src\Microsoft.Health.Fhir.Store.Utils\Microsoft.Health.Fhir.Store.Utils.csproj", "{7A736E5F-DA6E-483F-AD5B-EE8F66828E36}"
EndProject
Project("{9A19103F-16F7-4668-BE54-9A1E7A4F7556}") = "Importer", "tools\Importer\Importer.csproj", "{F6B94905-B496-46AD-B2A7-2ABCB0B2A6B4}"
EndProject
Project("{9A19103F-16F7-4668-BE54-9A1E7A4F7556}") = "Exporter", "tools\Exporter\Exporter.csproj", "{E468B6C6-9098-4293-AFD6-3B1675D67063}"
EndProject
Project("{9A19103F-16F7-4668-BE54-9A1E7A4F7556}") = "Microsoft.Health.Fhir.SchemaManager", "src\Microsoft.Health.Fhir.SchemaManager\Microsoft.Health.Fhir.SchemaManager.csproj", "{726753EA-14F5-4D21-8FDA-23E119C93639}"
EndProject
Project("{9A19103F-16F7-4668-BE54-9A1E7A4F7556}") = "Microsoft.Health.Fhir.SchemaManager.UnitTests", "src\Microsoft.Health.Fhir.SchemaManager.UnitTests\Microsoft.Health.Fhir.SchemaManager.UnitTests.csproj", "{EF152DF7-85C0-4337-B1B1-FBFD5B217AE7}"
EndProject
Project("{9A19103F-16F7-4668-BE54-9A1E7A4F7556}") = "Microsoft.Health.Fhir.SchemaManager.Console", "tools\DataStore\Microsoft.Health.Fhir.SchemaManager.Console\Microsoft.Health.Fhir.SchemaManager.Console.csproj", "{4122A4B0-B117-485D-81C3-1F3F02827F0B}"
EndProject
Project("{9A19103F-16F7-4668-BE54-9A1E7A4F7556}") = "Microsoft.Health.Fhir.SqlServer.SetupDb", "src\Microsoft.Health.Fhir.SqlServer.SetupDb\Microsoft.Health.Fhir.SqlServer.SetupDb.csproj", "{507FC947-FEBE-4097-8F8B-F756B98DAAD6}"
EndProject
Project("{9A19103F-16F7-4668-BE54-9A1E7A4F7556}") = "Microsoft.Health.Fhir.Store.Sharding", "src\Microsoft.Health.Fhir.Store.Sharding\Microsoft.Health.Fhir.Store.Sharding.csproj", "{C9FB3E64-F994-4EC6-95D9-B5DCCC22634C}"
EndProject
Project("{9A19103F-16F7-4668-BE54-9A1E7A4F7556}") = "Microsoft.Health.Fhir.Store.SqlUtils", "src\Microsoft.Health.Fhir.Store.SqlUtils\Microsoft.Health.Fhir.Store.SqlUtils.csproj", "{320DE034-E1D7-4396-8C7A-313B172CA4FD}"
EndProject
Project("{9A19103F-16F7-4668-BE54-9A1E7A4F7556}") = "Fhir.Ping", "tools\Fhir.Ping\Fhir.Ping.csproj", "{EF43FCB0-E776-40D9-ADC9-2D791A4A5C12}"
EndProject
Project("{9A19103F-16F7-4668-BE54-9A1E7A4F7556}") = "Fhir.Store.Copy", "tools\Fhir.Store.Copy\Fhir.Store.Copy.csproj", "{B8308E35-C45A-49C6-A245-7024D9A9B186}"
EndProject
Project("{9A19103F-16F7-4668-BE54-9A1E7A4F7556}") = "Fhir.Store.Copy.Shards", "tools\Fhir.Store.Copy.Shards\Fhir.Store.Copy.Shards.csproj", "{08D03809-1BF9-466F-A3B6-F6062EE8C87F}"
EndProject
Project("{9A19103F-16F7-4668-BE54-9A1E7A4F7556}") = "IndexRebuilder", "tools\IndexRebuilder\IndexRebuilder.csproj", "{C4998FA8-A235-4BF5-BE85-C5781F2E3F36}"
EndProject
Project("{9A19103F-16F7-4668-BE54-9A1E7A4F7556}") = "Microsoft.Health.Fhir.SqlServer.Shards.Import", "src\Microsoft.Health.Fhir.SqlServer.Shards.Import\Microsoft.Health.Fhir.SqlServer.Shards.Import.csproj", "{A6B133A0-2F19-4019-A4F9-5026F1F422E9}"
EndProject
Project("{9A19103F-16F7-4668-BE54-9A1E7A4F7556}") = "ResourceParser", "tools\ResourceParser\ResourceParser.csproj", "{2AE20F40-BE0C-44BF-939F-0E16C58C905B}"
EndProject
Project("{9A19103F-16F7-4668-BE54-9A1E7A4F7556}") = "Microsoft.Health.Fhir.R4.ResourceParser", "tools\Microsoft.Health.Fhir.R4.ResourceParser\Microsoft.Health.Fhir.R4.ResourceParser.csproj", "{435FA867-48C1-4741-9AC8-EC40BA534E81}"
EndProject
Global
	GlobalSection(SolutionConfigurationPlatforms) = preSolution
		Debug|Any CPU = Debug|Any CPU
		Release|Any CPU = Release|Any CPU
	EndGlobalSection
	GlobalSection(ProjectConfigurationPlatforms) = postSolution
		{253029D6-94ED-4F49-9866-1844F263EEBE}.Debug|Any CPU.ActiveCfg = Debug|Any CPU
		{253029D6-94ED-4F49-9866-1844F263EEBE}.Debug|Any CPU.Build.0 = Debug|Any CPU
		{253029D6-94ED-4F49-9866-1844F263EEBE}.Release|Any CPU.ActiveCfg = Release|Any CPU
		{253029D6-94ED-4F49-9866-1844F263EEBE}.Release|Any CPU.Build.0 = Release|Any CPU
		{F0639CA9-BFD6-46FF-8454-BD8A1965B31A}.Debug|Any CPU.ActiveCfg = Debug|Any CPU
		{F0639CA9-BFD6-46FF-8454-BD8A1965B31A}.Debug|Any CPU.Build.0 = Debug|Any CPU
		{F0639CA9-BFD6-46FF-8454-BD8A1965B31A}.Release|Any CPU.ActiveCfg = Release|Any CPU
		{F0639CA9-BFD6-46FF-8454-BD8A1965B31A}.Release|Any CPU.Build.0 = Release|Any CPU
		{26D87357-393E-4D1E-B98C-2B38726F184D}.Debug|Any CPU.ActiveCfg = Debug|Any CPU
		{26D87357-393E-4D1E-B98C-2B38726F184D}.Debug|Any CPU.Build.0 = Debug|Any CPU
		{26D87357-393E-4D1E-B98C-2B38726F184D}.Release|Any CPU.ActiveCfg = Release|Any CPU
		{26D87357-393E-4D1E-B98C-2B38726F184D}.Release|Any CPU.Build.0 = Release|Any CPU
		{1DD14407-505C-419C-A96C-4C008D74BE26}.Debug|Any CPU.ActiveCfg = Debug|Any CPU
		{1DD14407-505C-419C-A96C-4C008D74BE26}.Debug|Any CPU.Build.0 = Debug|Any CPU
		{1DD14407-505C-419C-A96C-4C008D74BE26}.Release|Any CPU.ActiveCfg = Release|Any CPU
		{1DD14407-505C-419C-A96C-4C008D74BE26}.Release|Any CPU.Build.0 = Release|Any CPU
		{BC1F4876-CD3C-49D2-A469-BD530B53A0FD}.Debug|Any CPU.ActiveCfg = Debug|Any CPU
		{BC1F4876-CD3C-49D2-A469-BD530B53A0FD}.Debug|Any CPU.Build.0 = Debug|Any CPU
		{BC1F4876-CD3C-49D2-A469-BD530B53A0FD}.Release|Any CPU.ActiveCfg = Release|Any CPU
		{BC1F4876-CD3C-49D2-A469-BD530B53A0FD}.Release|Any CPU.Build.0 = Release|Any CPU
		{DCDE987F-0B50-4233-8661-6B5A251E7CAE}.Debug|Any CPU.ActiveCfg = Debug|Any CPU
		{DCDE987F-0B50-4233-8661-6B5A251E7CAE}.Debug|Any CPU.Build.0 = Debug|Any CPU
		{DCDE987F-0B50-4233-8661-6B5A251E7CAE}.Release|Any CPU.ActiveCfg = Release|Any CPU
		{DCDE987F-0B50-4233-8661-6B5A251E7CAE}.Release|Any CPU.Build.0 = Release|Any CPU
		{83F1D0BE-F8C4-4244-BB79-B77D92B8F092}.Debug|Any CPU.ActiveCfg = Debug|Any CPU
		{83F1D0BE-F8C4-4244-BB79-B77D92B8F092}.Debug|Any CPU.Build.0 = Debug|Any CPU
		{83F1D0BE-F8C4-4244-BB79-B77D92B8F092}.Release|Any CPU.ActiveCfg = Release|Any CPU
		{83F1D0BE-F8C4-4244-BB79-B77D92B8F092}.Release|Any CPU.Build.0 = Release|Any CPU
		{2C4E1934-0AD7-4410-91F7-957F265D7C7B}.Debug|Any CPU.ActiveCfg = Debug|Any CPU
		{2C4E1934-0AD7-4410-91F7-957F265D7C7B}.Debug|Any CPU.Build.0 = Debug|Any CPU
		{2C4E1934-0AD7-4410-91F7-957F265D7C7B}.Release|Any CPU.ActiveCfg = Release|Any CPU
		{2C4E1934-0AD7-4410-91F7-957F265D7C7B}.Release|Any CPU.Build.0 = Release|Any CPU
		{C015551C-0009-49CE-8C8D-B206BED0BB42}.Debug|Any CPU.ActiveCfg = Debug|Any CPU
		{C015551C-0009-49CE-8C8D-B206BED0BB42}.Debug|Any CPU.Build.0 = Debug|Any CPU
		{C015551C-0009-49CE-8C8D-B206BED0BB42}.Release|Any CPU.ActiveCfg = Release|Any CPU
		{C015551C-0009-49CE-8C8D-B206BED0BB42}.Release|Any CPU.Build.0 = Release|Any CPU
		{49CA3B9D-7A22-43E0-A434-B0EC38D119A5}.Debug|Any CPU.ActiveCfg = Debug|Any CPU
		{49CA3B9D-7A22-43E0-A434-B0EC38D119A5}.Debug|Any CPU.Build.0 = Debug|Any CPU
		{49CA3B9D-7A22-43E0-A434-B0EC38D119A5}.Release|Any CPU.ActiveCfg = Release|Any CPU
		{49CA3B9D-7A22-43E0-A434-B0EC38D119A5}.Release|Any CPU.Build.0 = Release|Any CPU
		{C6759C03-6060-44D7-B44D-0BD89908B741}.Debug|Any CPU.ActiveCfg = Debug|Any CPU
		{C6759C03-6060-44D7-B44D-0BD89908B741}.Debug|Any CPU.Build.0 = Debug|Any CPU
		{C6759C03-6060-44D7-B44D-0BD89908B741}.Release|Any CPU.ActiveCfg = Release|Any CPU
		{C6759C03-6060-44D7-B44D-0BD89908B741}.Release|Any CPU.Build.0 = Release|Any CPU
		{87849B3F-5D12-41CA-A082-FAC065EF9FD8}.Debug|Any CPU.ActiveCfg = Debug|Any CPU
		{87849B3F-5D12-41CA-A082-FAC065EF9FD8}.Debug|Any CPU.Build.0 = Debug|Any CPU
		{87849B3F-5D12-41CA-A082-FAC065EF9FD8}.Release|Any CPU.ActiveCfg = Release|Any CPU
		{87849B3F-5D12-41CA-A082-FAC065EF9FD8}.Release|Any CPU.Build.0 = Release|Any CPU
		{4DDF9576-E22C-460A-937F-0EE0FEA6DB87}.Debug|Any CPU.ActiveCfg = Debug|Any CPU
		{4DDF9576-E22C-460A-937F-0EE0FEA6DB87}.Debug|Any CPU.Build.0 = Debug|Any CPU
		{4DDF9576-E22C-460A-937F-0EE0FEA6DB87}.Release|Any CPU.ActiveCfg = Release|Any CPU
		{4DDF9576-E22C-460A-937F-0EE0FEA6DB87}.Release|Any CPU.Build.0 = Release|Any CPU
		{E02E5224-32CD-490F-B1E5-8509AD669334}.Debug|Any CPU.ActiveCfg = Debug|Any CPU
		{E02E5224-32CD-490F-B1E5-8509AD669334}.Debug|Any CPU.Build.0 = Debug|Any CPU
		{E02E5224-32CD-490F-B1E5-8509AD669334}.Release|Any CPU.ActiveCfg = Release|Any CPU
		{E02E5224-32CD-490F-B1E5-8509AD669334}.Release|Any CPU.Build.0 = Release|Any CPU
		{070759A9-51D9-4967-8651-39CCA8288C93}.Debug|Any CPU.ActiveCfg = Debug|Any CPU
		{070759A9-51D9-4967-8651-39CCA8288C93}.Debug|Any CPU.Build.0 = Debug|Any CPU
		{070759A9-51D9-4967-8651-39CCA8288C93}.Release|Any CPU.ActiveCfg = Release|Any CPU
		{070759A9-51D9-4967-8651-39CCA8288C93}.Release|Any CPU.Build.0 = Release|Any CPU
		{D933AC8A-3CE5-4F03-AEE4-9AC0D0274D80}.Debug|Any CPU.ActiveCfg = Debug|Any CPU
		{D933AC8A-3CE5-4F03-AEE4-9AC0D0274D80}.Debug|Any CPU.Build.0 = Debug|Any CPU
		{D933AC8A-3CE5-4F03-AEE4-9AC0D0274D80}.Release|Any CPU.ActiveCfg = Release|Any CPU
		{D933AC8A-3CE5-4F03-AEE4-9AC0D0274D80}.Release|Any CPU.Build.0 = Release|Any CPU
		{443ECDA6-E05B-4BB0-90D9-441FB77CD919}.Debug|Any CPU.ActiveCfg = Debug|Any CPU
		{443ECDA6-E05B-4BB0-90D9-441FB77CD919}.Debug|Any CPU.Build.0 = Debug|Any CPU
		{443ECDA6-E05B-4BB0-90D9-441FB77CD919}.Release|Any CPU.ActiveCfg = Release|Any CPU
		{443ECDA6-E05B-4BB0-90D9-441FB77CD919}.Release|Any CPU.Build.0 = Release|Any CPU
		{85428D07-39A0-473F-B3BD-0F2C98A1A5F5}.Debug|Any CPU.ActiveCfg = Debug|Any CPU
		{85428D07-39A0-473F-B3BD-0F2C98A1A5F5}.Debug|Any CPU.Build.0 = Debug|Any CPU
		{85428D07-39A0-473F-B3BD-0F2C98A1A5F5}.Release|Any CPU.ActiveCfg = Release|Any CPU
		{85428D07-39A0-473F-B3BD-0F2C98A1A5F5}.Release|Any CPU.Build.0 = Release|Any CPU
		{D3D42FB0-72D6-4A67-AC58-9CA1274DBFE1}.Debug|Any CPU.ActiveCfg = Debug|Any CPU
		{D3D42FB0-72D6-4A67-AC58-9CA1274DBFE1}.Debug|Any CPU.Build.0 = Debug|Any CPU
		{D3D42FB0-72D6-4A67-AC58-9CA1274DBFE1}.Release|Any CPU.ActiveCfg = Release|Any CPU
		{D3D42FB0-72D6-4A67-AC58-9CA1274DBFE1}.Release|Any CPU.Build.0 = Release|Any CPU
		{734CAC7F-D979-4639-8067-A0875C0691F2}.Debug|Any CPU.ActiveCfg = Debug|Any CPU
		{734CAC7F-D979-4639-8067-A0875C0691F2}.Debug|Any CPU.Build.0 = Debug|Any CPU
		{734CAC7F-D979-4639-8067-A0875C0691F2}.Release|Any CPU.ActiveCfg = Release|Any CPU
		{734CAC7F-D979-4639-8067-A0875C0691F2}.Release|Any CPU.Build.0 = Release|Any CPU
		{8B173BA3-2018-4BB7-B32A-D4A9FC7984EB}.Debug|Any CPU.ActiveCfg = Debug|Any CPU
		{8B173BA3-2018-4BB7-B32A-D4A9FC7984EB}.Debug|Any CPU.Build.0 = Debug|Any CPU
		{8B173BA3-2018-4BB7-B32A-D4A9FC7984EB}.Release|Any CPU.ActiveCfg = Release|Any CPU
		{8B173BA3-2018-4BB7-B32A-D4A9FC7984EB}.Release|Any CPU.Build.0 = Release|Any CPU
		{49DA2851-2A19-4969-AE87-94837BACBE7D}.Debug|Any CPU.ActiveCfg = Debug|Any CPU
		{49DA2851-2A19-4969-AE87-94837BACBE7D}.Debug|Any CPU.Build.0 = Debug|Any CPU
		{49DA2851-2A19-4969-AE87-94837BACBE7D}.Release|Any CPU.ActiveCfg = Release|Any CPU
		{49DA2851-2A19-4969-AE87-94837BACBE7D}.Release|Any CPU.Build.0 = Release|Any CPU
		{7F2B9209-2C50-42ED-961B-A09CC8A26A07}.Debug|Any CPU.ActiveCfg = Debug|Any CPU
		{7F2B9209-2C50-42ED-961B-A09CC8A26A07}.Debug|Any CPU.Build.0 = Debug|Any CPU
		{7F2B9209-2C50-42ED-961B-A09CC8A26A07}.Release|Any CPU.ActiveCfg = Release|Any CPU
		{7F2B9209-2C50-42ED-961B-A09CC8A26A07}.Release|Any CPU.Build.0 = Release|Any CPU
		{6A804695-44D9-4335-B559-9E9A0DAB1102}.Debug|Any CPU.ActiveCfg = Debug|Any CPU
		{6A804695-44D9-4335-B559-9E9A0DAB1102}.Debug|Any CPU.Build.0 = Debug|Any CPU
		{6A804695-44D9-4335-B559-9E9A0DAB1102}.Release|Any CPU.ActiveCfg = Release|Any CPU
		{6A804695-44D9-4335-B559-9E9A0DAB1102}.Release|Any CPU.Build.0 = Release|Any CPU
		{4C4701AA-8DE4-44B2-8134-102F040C34F8}.Debug|Any CPU.ActiveCfg = Debug|Any CPU
		{4C4701AA-8DE4-44B2-8134-102F040C34F8}.Debug|Any CPU.Build.0 = Debug|Any CPU
		{4C4701AA-8DE4-44B2-8134-102F040C34F8}.Release|Any CPU.ActiveCfg = Release|Any CPU
		{4C4701AA-8DE4-44B2-8134-102F040C34F8}.Release|Any CPU.Build.0 = Release|Any CPU
		{61443024-E60B-4E61-9851-B8D57A8886DC}.Debug|Any CPU.ActiveCfg = Debug|Any CPU
		{61443024-E60B-4E61-9851-B8D57A8886DC}.Debug|Any CPU.Build.0 = Debug|Any CPU
		{61443024-E60B-4E61-9851-B8D57A8886DC}.Release|Any CPU.ActiveCfg = Release|Any CPU
		{61443024-E60B-4E61-9851-B8D57A8886DC}.Release|Any CPU.Build.0 = Release|Any CPU
		{514B56AD-4E95-46AF-9976-2C68791E157E}.Debug|Any CPU.ActiveCfg = Debug|Any CPU
		{514B56AD-4E95-46AF-9976-2C68791E157E}.Debug|Any CPU.Build.0 = Debug|Any CPU
		{514B56AD-4E95-46AF-9976-2C68791E157E}.Release|Any CPU.ActiveCfg = Release|Any CPU
		{514B56AD-4E95-46AF-9976-2C68791E157E}.Release|Any CPU.Build.0 = Release|Any CPU
		{28EE5D89-E439-46E1-BBE0-5AE986D409C7}.Debug|Any CPU.ActiveCfg = Debug|Any CPU
		{28EE5D89-E439-46E1-BBE0-5AE986D409C7}.Debug|Any CPU.Build.0 = Debug|Any CPU
		{28EE5D89-E439-46E1-BBE0-5AE986D409C7}.Release|Any CPU.ActiveCfg = Release|Any CPU
		{28EE5D89-E439-46E1-BBE0-5AE986D409C7}.Release|Any CPU.Build.0 = Release|Any CPU
		{1B944B8A-54F2-4AF3-A38A-CA7F1AB5C618}.Debug|Any CPU.ActiveCfg = Debug|Any CPU
		{1B944B8A-54F2-4AF3-A38A-CA7F1AB5C618}.Debug|Any CPU.Build.0 = Debug|Any CPU
		{1B944B8A-54F2-4AF3-A38A-CA7F1AB5C618}.Release|Any CPU.ActiveCfg = Release|Any CPU
		{1B944B8A-54F2-4AF3-A38A-CA7F1AB5C618}.Release|Any CPU.Build.0 = Release|Any CPU
		{D5ECB95C-A199-4690-9BA9-4EF7E8126D81}.Debug|Any CPU.ActiveCfg = Debug|Any CPU
		{D5ECB95C-A199-4690-9BA9-4EF7E8126D81}.Debug|Any CPU.Build.0 = Debug|Any CPU
		{D5ECB95C-A199-4690-9BA9-4EF7E8126D81}.Release|Any CPU.ActiveCfg = Release|Any CPU
		{D5ECB95C-A199-4690-9BA9-4EF7E8126D81}.Release|Any CPU.Build.0 = Release|Any CPU
		{8C3A5E1A-3BA8-4F50-A0BA-99A149EDBEE6}.Debug|Any CPU.ActiveCfg = Debug|Any CPU
		{8C3A5E1A-3BA8-4F50-A0BA-99A149EDBEE6}.Debug|Any CPU.Build.0 = Debug|Any CPU
		{8C3A5E1A-3BA8-4F50-A0BA-99A149EDBEE6}.Release|Any CPU.ActiveCfg = Release|Any CPU
		{8C3A5E1A-3BA8-4F50-A0BA-99A149EDBEE6}.Release|Any CPU.Build.0 = Release|Any CPU
		{E8AEC3F3-EFBB-4439-95FF-E45613CC7DA2}.Debug|Any CPU.ActiveCfg = Debug|Any CPU
		{E8AEC3F3-EFBB-4439-95FF-E45613CC7DA2}.Debug|Any CPU.Build.0 = Debug|Any CPU
		{E8AEC3F3-EFBB-4439-95FF-E45613CC7DA2}.Release|Any CPU.ActiveCfg = Release|Any CPU
		{E8AEC3F3-EFBB-4439-95FF-E45613CC7DA2}.Release|Any CPU.Build.0 = Release|Any CPU
		{B956E6F9-92A6-43F2-934B-1EB20FA8BBA3}.Debug|Any CPU.ActiveCfg = Debug|Any CPU
		{B956E6F9-92A6-43F2-934B-1EB20FA8BBA3}.Debug|Any CPU.Build.0 = Debug|Any CPU
		{B956E6F9-92A6-43F2-934B-1EB20FA8BBA3}.Release|Any CPU.ActiveCfg = Release|Any CPU
		{B956E6F9-92A6-43F2-934B-1EB20FA8BBA3}.Release|Any CPU.Build.0 = Release|Any CPU
		{E18E488B-EE9C-4735-81B1-65C74DAE83CF}.Debug|Any CPU.ActiveCfg = Debug|Any CPU
		{E18E488B-EE9C-4735-81B1-65C74DAE83CF}.Debug|Any CPU.Build.0 = Debug|Any CPU
		{E18E488B-EE9C-4735-81B1-65C74DAE83CF}.Release|Any CPU.ActiveCfg = Release|Any CPU
		{E18E488B-EE9C-4735-81B1-65C74DAE83CF}.Release|Any CPU.Build.0 = Release|Any CPU
		{C65993F8-E77B-4F7A-BE49-5CAE9DCA3162}.Debug|Any CPU.ActiveCfg = Debug|Any CPU
		{C65993F8-E77B-4F7A-BE49-5CAE9DCA3162}.Debug|Any CPU.Build.0 = Debug|Any CPU
		{C65993F8-E77B-4F7A-BE49-5CAE9DCA3162}.Release|Any CPU.ActiveCfg = Release|Any CPU
		{C65993F8-E77B-4F7A-BE49-5CAE9DCA3162}.Release|Any CPU.Build.0 = Release|Any CPU
		{4640D17C-7229-4D90-A330-0423DFC3FFC5}.Debug|Any CPU.ActiveCfg = Debug|Any CPU
		{4640D17C-7229-4D90-A330-0423DFC3FFC5}.Debug|Any CPU.Build.0 = Debug|Any CPU
		{4640D17C-7229-4D90-A330-0423DFC3FFC5}.Release|Any CPU.ActiveCfg = Release|Any CPU
		{4640D17C-7229-4D90-A330-0423DFC3FFC5}.Release|Any CPU.Build.0 = Release|Any CPU
		{743EA25C-A6F5-4B41-BC56-69D9A89386A3}.Debug|Any CPU.ActiveCfg = Debug|Any CPU
		{743EA25C-A6F5-4B41-BC56-69D9A89386A3}.Debug|Any CPU.Build.0 = Debug|Any CPU
		{743EA25C-A6F5-4B41-BC56-69D9A89386A3}.Release|Any CPU.ActiveCfg = Release|Any CPU
		{743EA25C-A6F5-4B41-BC56-69D9A89386A3}.Release|Any CPU.Build.0 = Release|Any CPU
		{03AD4FC4-A56F-4E94-B295-B02A9E3E3CCD}.Debug|Any CPU.ActiveCfg = Debug|Any CPU
		{03AD4FC4-A56F-4E94-B295-B02A9E3E3CCD}.Debug|Any CPU.Build.0 = Debug|Any CPU
		{03AD4FC4-A56F-4E94-B295-B02A9E3E3CCD}.Release|Any CPU.ActiveCfg = Release|Any CPU
		{03AD4FC4-A56F-4E94-B295-B02A9E3E3CCD}.Release|Any CPU.Build.0 = Release|Any CPU
		{BB7512E7-E148-4AF8-9D34-AA47A6AE692D}.Debug|Any CPU.ActiveCfg = Debug|Any CPU
		{BB7512E7-E148-4AF8-9D34-AA47A6AE692D}.Debug|Any CPU.Build.0 = Debug|Any CPU
		{BB7512E7-E148-4AF8-9D34-AA47A6AE692D}.Release|Any CPU.ActiveCfg = Release|Any CPU
		{BB7512E7-E148-4AF8-9D34-AA47A6AE692D}.Release|Any CPU.Build.0 = Release|Any CPU
		{7A736E5F-DA6E-483F-AD5B-EE8F66828E36}.Debug|Any CPU.ActiveCfg = Debug|Any CPU
		{7A736E5F-DA6E-483F-AD5B-EE8F66828E36}.Debug|Any CPU.Build.0 = Debug|Any CPU
		{7A736E5F-DA6E-483F-AD5B-EE8F66828E36}.Release|Any CPU.ActiveCfg = Release|Any CPU
		{7A736E5F-DA6E-483F-AD5B-EE8F66828E36}.Release|Any CPU.Build.0 = Release|Any CPU
		{F6B94905-B496-46AD-B2A7-2ABCB0B2A6B4}.Debug|Any CPU.ActiveCfg = Debug|Any CPU
		{F6B94905-B496-46AD-B2A7-2ABCB0B2A6B4}.Debug|Any CPU.Build.0 = Debug|Any CPU
		{F6B94905-B496-46AD-B2A7-2ABCB0B2A6B4}.Release|Any CPU.ActiveCfg = Release|Any CPU
		{F6B94905-B496-46AD-B2A7-2ABCB0B2A6B4}.Release|Any CPU.Build.0 = Release|Any CPU
		{E468B6C6-9098-4293-AFD6-3B1675D67063}.Debug|Any CPU.ActiveCfg = Debug|Any CPU
		{E468B6C6-9098-4293-AFD6-3B1675D67063}.Debug|Any CPU.Build.0 = Debug|Any CPU
		{E468B6C6-9098-4293-AFD6-3B1675D67063}.Release|Any CPU.ActiveCfg = Release|Any CPU
		{E468B6C6-9098-4293-AFD6-3B1675D67063}.Release|Any CPU.Build.0 = Release|Any CPU
		{726753EA-14F5-4D21-8FDA-23E119C93639}.Debug|Any CPU.ActiveCfg = Debug|Any CPU
		{726753EA-14F5-4D21-8FDA-23E119C93639}.Debug|Any CPU.Build.0 = Debug|Any CPU
		{726753EA-14F5-4D21-8FDA-23E119C93639}.Release|Any CPU.ActiveCfg = Release|Any CPU
		{726753EA-14F5-4D21-8FDA-23E119C93639}.Release|Any CPU.Build.0 = Release|Any CPU
		{EF152DF7-85C0-4337-B1B1-FBFD5B217AE7}.Debug|Any CPU.ActiveCfg = Debug|Any CPU
		{EF152DF7-85C0-4337-B1B1-FBFD5B217AE7}.Debug|Any CPU.Build.0 = Debug|Any CPU
		{EF152DF7-85C0-4337-B1B1-FBFD5B217AE7}.Release|Any CPU.ActiveCfg = Release|Any CPU
		{EF152DF7-85C0-4337-B1B1-FBFD5B217AE7}.Release|Any CPU.Build.0 = Release|Any CPU
		{4122A4B0-B117-485D-81C3-1F3F02827F0B}.Debug|Any CPU.ActiveCfg = Debug|Any CPU
		{4122A4B0-B117-485D-81C3-1F3F02827F0B}.Debug|Any CPU.Build.0 = Debug|Any CPU
		{4122A4B0-B117-485D-81C3-1F3F02827F0B}.Release|Any CPU.ActiveCfg = Release|Any CPU
		{4122A4B0-B117-485D-81C3-1F3F02827F0B}.Release|Any CPU.Build.0 = Release|Any CPU
		{507FC947-FEBE-4097-8F8B-F756B98DAAD6}.Debug|Any CPU.ActiveCfg = Debug|Any CPU
		{507FC947-FEBE-4097-8F8B-F756B98DAAD6}.Debug|Any CPU.Build.0 = Debug|Any CPU
		{507FC947-FEBE-4097-8F8B-F756B98DAAD6}.Release|Any CPU.ActiveCfg = Release|Any CPU
		{507FC947-FEBE-4097-8F8B-F756B98DAAD6}.Release|Any CPU.Build.0 = Release|Any CPU
		{C9FB3E64-F994-4EC6-95D9-B5DCCC22634C}.Debug|Any CPU.ActiveCfg = Debug|Any CPU
		{C9FB3E64-F994-4EC6-95D9-B5DCCC22634C}.Debug|Any CPU.Build.0 = Debug|Any CPU
		{C9FB3E64-F994-4EC6-95D9-B5DCCC22634C}.Release|Any CPU.ActiveCfg = Release|Any CPU
		{C9FB3E64-F994-4EC6-95D9-B5DCCC22634C}.Release|Any CPU.Build.0 = Release|Any CPU
		{320DE034-E1D7-4396-8C7A-313B172CA4FD}.Debug|Any CPU.ActiveCfg = Debug|Any CPU
		{320DE034-E1D7-4396-8C7A-313B172CA4FD}.Debug|Any CPU.Build.0 = Debug|Any CPU
		{320DE034-E1D7-4396-8C7A-313B172CA4FD}.Release|Any CPU.ActiveCfg = Release|Any CPU
		{320DE034-E1D7-4396-8C7A-313B172CA4FD}.Release|Any CPU.Build.0 = Release|Any CPU
		{EF43FCB0-E776-40D9-ADC9-2D791A4A5C12}.Debug|Any CPU.ActiveCfg = Debug|Any CPU
		{EF43FCB0-E776-40D9-ADC9-2D791A4A5C12}.Debug|Any CPU.Build.0 = Debug|Any CPU
		{EF43FCB0-E776-40D9-ADC9-2D791A4A5C12}.Release|Any CPU.ActiveCfg = Release|Any CPU
		{EF43FCB0-E776-40D9-ADC9-2D791A4A5C12}.Release|Any CPU.Build.0 = Release|Any CPU
		{B8308E35-C45A-49C6-A245-7024D9A9B186}.Debug|Any CPU.ActiveCfg = Debug|Any CPU
		{B8308E35-C45A-49C6-A245-7024D9A9B186}.Debug|Any CPU.Build.0 = Debug|Any CPU
		{B8308E35-C45A-49C6-A245-7024D9A9B186}.Release|Any CPU.ActiveCfg = Release|Any CPU
		{B8308E35-C45A-49C6-A245-7024D9A9B186}.Release|Any CPU.Build.0 = Release|Any CPU
		{08D03809-1BF9-466F-A3B6-F6062EE8C87F}.Debug|Any CPU.ActiveCfg = Debug|Any CPU
		{08D03809-1BF9-466F-A3B6-F6062EE8C87F}.Debug|Any CPU.Build.0 = Debug|Any CPU
		{08D03809-1BF9-466F-A3B6-F6062EE8C87F}.Release|Any CPU.ActiveCfg = Release|Any CPU
		{08D03809-1BF9-466F-A3B6-F6062EE8C87F}.Release|Any CPU.Build.0 = Release|Any CPU
		{C4998FA8-A235-4BF5-BE85-C5781F2E3F36}.Debug|Any CPU.ActiveCfg = Debug|Any CPU
		{C4998FA8-A235-4BF5-BE85-C5781F2E3F36}.Debug|Any CPU.Build.0 = Debug|Any CPU
		{C4998FA8-A235-4BF5-BE85-C5781F2E3F36}.Release|Any CPU.ActiveCfg = Release|Any CPU
		{C4998FA8-A235-4BF5-BE85-C5781F2E3F36}.Release|Any CPU.Build.0 = Release|Any CPU
		{A6B133A0-2F19-4019-A4F9-5026F1F422E9}.Debug|Any CPU.ActiveCfg = Debug|Any CPU
		{A6B133A0-2F19-4019-A4F9-5026F1F422E9}.Debug|Any CPU.Build.0 = Debug|Any CPU
		{A6B133A0-2F19-4019-A4F9-5026F1F422E9}.Release|Any CPU.ActiveCfg = Release|Any CPU
		{A6B133A0-2F19-4019-A4F9-5026F1F422E9}.Release|Any CPU.Build.0 = Release|Any CPU
		{2AE20F40-BE0C-44BF-939F-0E16C58C905B}.Debug|Any CPU.ActiveCfg = Debug|Any CPU
		{2AE20F40-BE0C-44BF-939F-0E16C58C905B}.Debug|Any CPU.Build.0 = Debug|Any CPU
		{2AE20F40-BE0C-44BF-939F-0E16C58C905B}.Release|Any CPU.ActiveCfg = Release|Any CPU
		{2AE20F40-BE0C-44BF-939F-0E16C58C905B}.Release|Any CPU.Build.0 = Release|Any CPU
		{435FA867-48C1-4741-9AC8-EC40BA534E81}.Debug|Any CPU.ActiveCfg = Debug|Any CPU
		{435FA867-48C1-4741-9AC8-EC40BA534E81}.Debug|Any CPU.Build.0 = Debug|Any CPU
		{435FA867-48C1-4741-9AC8-EC40BA534E81}.Release|Any CPU.ActiveCfg = Release|Any CPU
		{435FA867-48C1-4741-9AC8-EC40BA534E81}.Release|Any CPU.Build.0 = Release|Any CPU
	EndGlobalSection
	GlobalSection(SolutionProperties) = preSolution
		HideSolutionNode = FALSE
	EndGlobalSection
	GlobalSection(NestedProjects) = preSolution
		{253029D6-94ED-4F49-9866-1844F263EEBE} = {1295CCC3-73FB-4376-AE95-F6F31A37B152}
		{F0639CA9-BFD6-46FF-8454-BD8A1965B31A} = {1295CCC3-73FB-4376-AE95-F6F31A37B152}
		{26D87357-393E-4D1E-B98C-2B38726F184D} = {38B3BA4A-3510-4615-BCC4-4C9B96A486C4}
		{1DD14407-505C-419C-A96C-4C008D74BE26} = {38B3BA4A-3510-4615-BCC4-4C9B96A486C4}
		{BC1F4876-CD3C-49D2-A469-BD530B53A0FD} = {DC5A2CB1-8995-4D39-97FE-3CE80E892C69}
		{DCDE987F-0B50-4233-8661-6B5A251E7CAE} = {323F60C6-936A-4C5B-AF6A-F27E93AA7B05}
		{83F1D0BE-F8C4-4244-BB79-B77D92B8F092} = {7457B218-2651-49B5-BED8-22233889516A}
		{2C4E1934-0AD7-4410-91F7-957F265D7C7B} = {7457B218-2651-49B5-BED8-22233889516A}
		{C015551C-0009-49CE-8C8D-B206BED0BB42} = {DC5A2CB1-8995-4D39-97FE-3CE80E892C69}
		{80E8C5D3-E02C-49C0-969B-0C3A02FA1FF4} = {B5F2D2DF-D0C7-4861-8259-F6A041DB9854}
		{49CA3B9D-7A22-43E0-A434-B0EC38D119A5} = {80E8C5D3-E02C-49C0-969B-0C3A02FA1FF4}
		{7457B218-2651-49B5-BED8-22233889516A} = {8AD2A324-DAB5-4380-94A5-31F7D817C384}
		{C6759C03-6060-44D7-B44D-0BD89908B741} = {38B3BA4A-3510-4615-BCC4-4C9B96A486C4}
		{87849B3F-5D12-41CA-A082-FAC065EF9FD8} = {DC5A2CB1-8995-4D39-97FE-3CE80E892C69}
		{4DDF9576-E22C-460A-937F-0EE0FEA6DB87} = {B70945F4-01A6-4351-955B-C4A2943B5E3B}
		{E02E5224-32CD-490F-B1E5-8509AD669334} = {DC5A2CB1-8995-4D39-97FE-3CE80E892C69}
		{070759A9-51D9-4967-8651-39CCA8288C93} = {38B3BA4A-3510-4615-BCC4-4C9B96A486C4}
		{D933AC8A-3CE5-4F03-AEE4-9AC0D0274D80} = {38B3BA4A-3510-4615-BCC4-4C9B96A486C4}
		{1495BBA7-07B8-47CA-B2ED-511003B57667} = {7457B218-2651-49B5-BED8-22233889516A}
		{295745E2-4DD3-4AAB-908D-B3DEE976BF0E} = {38B3BA4A-3510-4615-BCC4-4C9B96A486C4}
		{DF7FB46C-281A-48C9-A86E-F1F9314636E0} = {38B3BA4A-3510-4615-BCC4-4C9B96A486C4}
		{443ECDA6-E05B-4BB0-90D9-441FB77CD919} = {38B3BA4A-3510-4615-BCC4-4C9B96A486C4}
		{85428D07-39A0-473F-B3BD-0F2C98A1A5F5} = {1295CCC3-73FB-4376-AE95-F6F31A37B152}
		{4B4ABB04-42BA-461C-A202-E480A2AE538E} = {1295CCC3-73FB-4376-AE95-F6F31A37B152}
		{D3D42FB0-72D6-4A67-AC58-9CA1274DBFE1} = {1295CCC3-73FB-4376-AE95-F6F31A37B152}
		{FCBAD356-8AF3-41B0-B578-EAAEF6A5D365} = {1295CCC3-73FB-4376-AE95-F6F31A37B152}
		{734CAC7F-D979-4639-8067-A0875C0691F2} = {1295CCC3-73FB-4376-AE95-F6F31A37B152}
		{934CA8BB-B0A7-4187-BF4D-C937FBBA1777} = {323F60C6-936A-4C5B-AF6A-F27E93AA7B05}
		{8B173BA3-2018-4BB7-B32A-D4A9FC7984EB} = {323F60C6-936A-4C5B-AF6A-F27E93AA7B05}
		{A898CC57-69D0-4454-BB70-784C138A05BF} = {85F39C13-BC62-49A0-9C06-3BBA724D35ED}
		{49DA2851-2A19-4969-AE87-94837BACBE7D} = {85F39C13-BC62-49A0-9C06-3BBA724D35ED}
		{7F2B9209-2C50-42ED-961B-A09CC8A26A07} = {85F39C13-BC62-49A0-9C06-3BBA724D35ED}
		{6A804695-44D9-4335-B559-9E9A0DAB1102} = {7457B218-2651-49B5-BED8-22233889516A}
		{218CD980-E236-4EF7-A022-0E94EF844D8F} = {85F39C13-BC62-49A0-9C06-3BBA724D35ED}
		{0478B687-7105-40F6-A2DC-81057890E944} = {85F39C13-BC62-49A0-9C06-3BBA724D35ED}
		{4C4701AA-8DE4-44B2-8134-102F040C34F8} = {7457B218-2651-49B5-BED8-22233889516A}
		{61443024-E60B-4E61-9851-B8D57A8886DC} = {FCD51BAF-BFE5-476F-B562-C9AB36AA9839}
		{514B56AD-4E95-46AF-9976-2C68791E157E} = {FCD51BAF-BFE5-476F-B562-C9AB36AA9839}
		{8AE4A7FD-C963-4004-8086-83E4615AC357} = {FCD51BAF-BFE5-476F-B562-C9AB36AA9839}
		{38B3BA4A-3510-4615-BCC4-4C9B96A486C4} = {7457B218-2651-49B5-BED8-22233889516A}
		{1295CCC3-73FB-4376-AE95-F6F31A37B152} = {7457B218-2651-49B5-BED8-22233889516A}
		{323F60C6-936A-4C5B-AF6A-F27E93AA7B05} = {7457B218-2651-49B5-BED8-22233889516A}
		{85F39C13-BC62-49A0-9C06-3BBA724D35ED} = {BA0D5243-CFC7-4DEB-9836-657C50195DD1}
		{FCD51BAF-BFE5-476F-B562-C9AB36AA9839} = {BA0D5243-CFC7-4DEB-9836-657C50195DD1}
		{DC5A2CB1-8995-4D39-97FE-3CE80E892C69} = {7457B218-2651-49B5-BED8-22233889516A}
		{28EE5D89-E439-46E1-BBE0-5AE986D409C7} = {38B3BA4A-3510-4615-BCC4-4C9B96A486C4}
		{1B944B8A-54F2-4AF3-A38A-CA7F1AB5C618} = {38B3BA4A-3510-4615-BCC4-4C9B96A486C4}
		{D5ECB95C-A199-4690-9BA9-4EF7E8126D81} = {1295CCC3-73FB-4376-AE95-F6F31A37B152}
		{8C3A5E1A-3BA8-4F50-A0BA-99A149EDBEE6} = {1295CCC3-73FB-4376-AE95-F6F31A37B152}
		{E8AEC3F3-EFBB-4439-95FF-E45613CC7DA2} = {323F60C6-936A-4C5B-AF6A-F27E93AA7B05}
		{B956E6F9-92A6-43F2-934B-1EB20FA8BBA3} = {85F39C13-BC62-49A0-9C06-3BBA724D35ED}
		{E18E488B-EE9C-4735-81B1-65C74DAE83CF} = {FCD51BAF-BFE5-476F-B562-C9AB36AA9839}
		{C65993F8-E77B-4F7A-BE49-5CAE9DCA3162} = {83B3EE6D-693E-4E86-A925-28B1A108268E}
		{A4C416DB-67B9-48AE-BC67-96BFCED1BCF5} = {83B3EE6D-693E-4E86-A925-28B1A108268E}
		{4640D17C-7229-4D90-A330-0423DFC3FFC5} = {83B3EE6D-693E-4E86-A925-28B1A108268E}
		{743EA25C-A6F5-4B41-BC56-69D9A89386A3} = {83B3EE6D-693E-4E86-A925-28B1A108268E}
		{83B3EE6D-693E-4E86-A925-28B1A108268E} = {7457B218-2651-49B5-BED8-22233889516A}
		{A955963B-D766-492D-94FD-98A8B9EA8931} = {85F39C13-BC62-49A0-9C06-3BBA724D35ED}
		{03AD4FC4-A56F-4E94-B295-B02A9E3E3CCD} = {7457B218-2651-49B5-BED8-22233889516A}
		{BB7512E7-E148-4AF8-9D34-AA47A6AE692D} = {7457B218-2651-49B5-BED8-22233889516A}
		{7A736E5F-DA6E-483F-AD5B-EE8F66828E36} = {B70945F4-01A6-4351-955B-C4A2943B5E3B}
		{F6B94905-B496-46AD-B2A7-2ABCB0B2A6B4} = {B70945F4-01A6-4351-955B-C4A2943B5E3B}
		{E468B6C6-9098-4293-AFD6-3B1675D67063} = {B70945F4-01A6-4351-955B-C4A2943B5E3B}
		{726753EA-14F5-4D21-8FDA-23E119C93639} = {DC5A2CB1-8995-4D39-97FE-3CE80E892C69}
		{EF152DF7-85C0-4337-B1B1-FBFD5B217AE7} = {DC5A2CB1-8995-4D39-97FE-3CE80E892C69}
		{4122A4B0-B117-485D-81C3-1F3F02827F0B} = {B70945F4-01A6-4351-955B-C4A2943B5E3B}
		{507FC947-FEBE-4097-8F8B-F756B98DAAD6} = {DC5A2CB1-8995-4D39-97FE-3CE80E892C69}
		{C9FB3E64-F994-4EC6-95D9-B5DCCC22634C} = {DC5A2CB1-8995-4D39-97FE-3CE80E892C69}
		{320DE034-E1D7-4396-8C7A-313B172CA4FD} = {DC5A2CB1-8995-4D39-97FE-3CE80E892C69}
		{EF43FCB0-E776-40D9-ADC9-2D791A4A5C12} = {B70945F4-01A6-4351-955B-C4A2943B5E3B}
		{B8308E35-C45A-49C6-A245-7024D9A9B186} = {B70945F4-01A6-4351-955B-C4A2943B5E3B}
		{08D03809-1BF9-466F-A3B6-F6062EE8C87F} = {B70945F4-01A6-4351-955B-C4A2943B5E3B}
		{C4998FA8-A235-4BF5-BE85-C5781F2E3F36} = {B70945F4-01A6-4351-955B-C4A2943B5E3B}
		{A6B133A0-2F19-4019-A4F9-5026F1F422E9} = {DC5A2CB1-8995-4D39-97FE-3CE80E892C69}
		{2AE20F40-BE0C-44BF-939F-0E16C58C905B} = {B70945F4-01A6-4351-955B-C4A2943B5E3B}
		{435FA867-48C1-4741-9AC8-EC40BA534E81} = {B70945F4-01A6-4351-955B-C4A2943B5E3B}
	EndGlobalSection
	GlobalSection(ExtensibilityGlobals) = postSolution
		SolutionGuid = {E370FB31-CF95-47D1-B1E1-863A77973FF8}
		RESX_SortFileContentOnSave = True
	EndGlobalSection
	GlobalSection(SharedMSBuildProjectFiles) = preSolution
		test\Microsoft.Health.Fhir.Shared.Tests.E2E.Common\Microsoft.Health.Fhir.Shared.Tests.E2E.Common.projitems*{0478b687-7105-40f6-a2dc-81057890e944}*SharedItemsImports = 13
		src\Microsoft.Health.Fhir.Shared.Core\Microsoft.Health.Fhir.Shared.Core.projitems*{070759a9-51d9-4967-8651-39cca8288c93}*SharedItemsImports = 5
		src\Microsoft.Health.Fhir.Shared.Tests\Microsoft.Health.Fhir.Shared.Tests.projitems*{1495bba7-07b8-47ca-b2ed-511003b57667}*SharedItemsImports = 13
		src\Microsoft.Health.Fhir.Shared.Core.UnitTests\Microsoft.Health.Fhir.Shared.Core.UnitTests.projitems*{1b944b8a-54f2-4af3-a38a-ca7f1ab5c618}*SharedItemsImports = 5
		src\Microsoft.Health.Fhir.Shared.Tests\Microsoft.Health.Fhir.Shared.Tests.projitems*{1b944b8a-54f2-4af3-a38a-ca7f1ab5c618}*SharedItemsImports = 5
		test\Microsoft.Health.Fhir.Shared.Tests.Crucible\Microsoft.Health.Fhir.Shared.Tests.Crucible.projitems*{218cd980-e236-4ef7-a022-0e94ef844d8f}*SharedItemsImports = 13
		src\Microsoft.Health.Fhir.Shared.Core\Microsoft.Health.Fhir.Shared.Core.projitems*{28ee5d89-e439-46e1-bbe0-5ae986d409c7}*SharedItemsImports = 5
		src\Microsoft.Health.Fhir.Shared.Core\Microsoft.Health.Fhir.Shared.Core.projitems*{295745e2-4dd3-4aab-908d-b3dee976bf0e}*SharedItemsImports = 13
		src\Microsoft.Health.Fhir.Shared.Core.UnitTests\Microsoft.Health.Fhir.Shared.Core.UnitTests.projitems*{443ecda6-e05b-4bb0-90d9-441fb77cd919}*SharedItemsImports = 5
		src\Microsoft.Health.Fhir.Shared.Tests\Microsoft.Health.Fhir.Shared.Tests.projitems*{443ecda6-e05b-4bb0-90d9-441fb77cd919}*SharedItemsImports = 5
		src\Microsoft.Health.Fhir.Shared.Client\Microsoft.Health.Fhir.Shared.Client.projitems*{4640d17c-7229-4d90-a330-0423dfc3ffc5}*SharedItemsImports = 5
		src\Microsoft.Health.Fhir.Shared.Tests\Microsoft.Health.Fhir.Shared.Tests.projitems*{49da2851-2a19-4969-ae87-94837bacbe7d}*SharedItemsImports = 5
		test\Microsoft.Health.Fhir.Shared.Tests.Crucible\Microsoft.Health.Fhir.Shared.Tests.Crucible.projitems*{49da2851-2a19-4969-ae87-94837bacbe7d}*SharedItemsImports = 5
		test\Microsoft.Health.Fhir.Shared.Tests.E2E.Common\Microsoft.Health.Fhir.Shared.Tests.E2E.Common.projitems*{49da2851-2a19-4969-ae87-94837bacbe7d}*SharedItemsImports = 5
		test\Microsoft.Health.Fhir.Shared.Tests.E2E\Microsoft.Health.Fhir.Shared.Tests.E2E.projitems*{49da2851-2a19-4969-ae87-94837bacbe7d}*SharedItemsImports = 5
		src\Microsoft.Health.Fhir.Shared.Api\Microsoft.Health.Fhir.Shared.Api.projitems*{4b4abb04-42ba-461c-a202-e480a2ae538e}*SharedItemsImports = 13
		src\Microsoft.Health.Fhir.Shared.Tests\Microsoft.Health.Fhir.Shared.Tests.projitems*{514b56ad-4e95-46af-9976-2c68791e157e}*SharedItemsImports = 5
		test\Microsoft.Health.Fhir.Shared.Tests.Integration\Microsoft.Health.Fhir.Shared.Tests.Integration.projitems*{514b56ad-4e95-46af-9976-2c68791e157e}*SharedItemsImports = 5
		src\Microsoft.Health.Fhir.Shared.Tests\Microsoft.Health.Fhir.Shared.Tests.projitems*{61443024-e60b-4e61-9851-b8d57a8886dc}*SharedItemsImports = 5
		test\Microsoft.Health.Fhir.Shared.Tests.Integration\Microsoft.Health.Fhir.Shared.Tests.Integration.projitems*{61443024-e60b-4e61-9851-b8d57a8886dc}*SharedItemsImports = 5
		src\Microsoft.Health.Fhir.Shared.Api.UnitTests\Microsoft.Health.Fhir.Shared.Api.UnitTests.projitems*{734cac7f-d979-4639-8067-a0875c0691f2}*SharedItemsImports = 5
		src\Microsoft.Health.Fhir.Shared.Tests\Microsoft.Health.Fhir.Shared.Tests.projitems*{734cac7f-d979-4639-8067-a0875c0691f2}*SharedItemsImports = 5
		src\Microsoft.Health.Fhir.Shared.Client\Microsoft.Health.Fhir.Shared.Client.projitems*{743ea25c-a6f5-4b41-bc56-69d9a89386a3}*SharedItemsImports = 5
		src\Microsoft.Health.Fhir.Shared.Tests\Microsoft.Health.Fhir.Shared.Tests.projitems*{7f2b9209-2c50-42ed-961b-a09cc8a26a07}*SharedItemsImports = 5
		test\Microsoft.Health.Fhir.Shared.Tests.Crucible\Microsoft.Health.Fhir.Shared.Tests.Crucible.projitems*{7f2b9209-2c50-42ed-961b-a09cc8a26a07}*SharedItemsImports = 5
		test\Microsoft.Health.Fhir.Shared.Tests.E2E.Common\Microsoft.Health.Fhir.Shared.Tests.E2E.Common.projitems*{7f2b9209-2c50-42ed-961b-a09cc8a26a07}*SharedItemsImports = 5
		test\Microsoft.Health.Fhir.Shared.Tests.E2E\Microsoft.Health.Fhir.Shared.Tests.E2E.projitems*{7f2b9209-2c50-42ed-961b-a09cc8a26a07}*SharedItemsImports = 5
		src\Microsoft.Health.Fhir.Shared.Api\Microsoft.Health.Fhir.Shared.Api.projitems*{85428d07-39a0-473f-b3bd-0f2c98a1a5f5}*SharedItemsImports = 5
		test\Microsoft.Health.Fhir.Shared.Tests.Integration\Microsoft.Health.Fhir.Shared.Tests.Integration.projitems*{8ae4a7fd-c963-4004-8086-83e4615ac357}*SharedItemsImports = 13
		src\Microsoft.Health.Fhir.Shared.Web\Microsoft.Health.Fhir.Shared.Web.projitems*{8b173ba3-2018-4bb7-b32a-d4a9fc7984eb}*SharedItemsImports = 5
		src\Microsoft.Health.Fhir.Shared.Api.UnitTests\Microsoft.Health.Fhir.Shared.Api.UnitTests.projitems*{8c3a5e1a-3ba8-4f50-a0ba-99a149edbee6}*SharedItemsImports = 5
		src\Microsoft.Health.Fhir.Shared.Tests\Microsoft.Health.Fhir.Shared.Tests.projitems*{8c3a5e1a-3ba8-4f50-a0ba-99a149edbee6}*SharedItemsImports = 5
		src\Microsoft.Health.Fhir.Shared.Web\Microsoft.Health.Fhir.Shared.Web.projitems*{934ca8bb-b0a7-4187-bf4d-c937fbba1777}*SharedItemsImports = 13
		src\Microsoft.Health.Fhir.Shared.Client\Microsoft.Health.Fhir.Shared.Client.projitems*{a4c416db-67b9-48ae-bc67-96bfced1bcf5}*SharedItemsImports = 13
		test\Microsoft.Health.Fhir.Shared.Tests.E2E\Microsoft.Health.Fhir.Shared.Tests.E2E.projitems*{a898cc57-69d0-4454-bb70-784c138a05bf}*SharedItemsImports = 13
		test\Microsoft.Health.Fhir.Shared.Tests.Smart\Microsoft.Health.Fhir.Shared.Tests.Smart.projitems*{a955963b-d766-492d-94fd-98a8b9ea8931}*SharedItemsImports = 13
		src\Microsoft.Health.Fhir.Shared.Tests\Microsoft.Health.Fhir.Shared.Tests.projitems*{b956e6f9-92a6-43f2-934b-1eb20fa8bba3}*SharedItemsImports = 5
		test\Microsoft.Health.Fhir.Shared.Tests.E2E.Common\Microsoft.Health.Fhir.Shared.Tests.E2E.Common.projitems*{b956e6f9-92a6-43f2-934b-1eb20fa8bba3}*SharedItemsImports = 5
		test\Microsoft.Health.Fhir.Shared.Tests.E2E\Microsoft.Health.Fhir.Shared.Tests.E2E.projitems*{b956e6f9-92a6-43f2-934b-1eb20fa8bba3}*SharedItemsImports = 5
		src\Microsoft.Health.Fhir.Shared.Tests\Microsoft.Health.Fhir.Shared.Tests.projitems*{c015551c-0009-49ce-8c8d-b206bed0bb42}*SharedItemsImports = 5
		src\Microsoft.Health.Fhir.Shared.Client\Microsoft.Health.Fhir.Shared.Client.projitems*{c65993f8-e77b-4f7a-be49-5cae9dca3162}*SharedItemsImports = 5
		src\Microsoft.Health.Fhir.Shared.Core\Microsoft.Health.Fhir.Shared.Core.projitems*{c6759c03-6060-44d7-b44d-0bd89908b741}*SharedItemsImports = 5
		src\Microsoft.Health.Fhir.Shared.Api\Microsoft.Health.Fhir.Shared.Api.projitems*{d3d42fb0-72d6-4a67-ac58-9ca1274dbfe1}*SharedItemsImports = 5
		src\Microsoft.Health.Fhir.Shared.Api\Microsoft.Health.Fhir.Shared.Api.projitems*{d5ecb95c-a199-4690-9ba9-4ef7e8126d81}*SharedItemsImports = 5
		src\Microsoft.Health.Fhir.Shared.Core.UnitTests\Microsoft.Health.Fhir.Shared.Core.UnitTests.projitems*{d933ac8a-3ce5-4f03-aee4-9ac0d0274d80}*SharedItemsImports = 5
		src\Microsoft.Health.Fhir.Shared.Tests\Microsoft.Health.Fhir.Shared.Tests.projitems*{d933ac8a-3ce5-4f03-aee4-9ac0d0274d80}*SharedItemsImports = 5
		src\Microsoft.Health.Fhir.Shared.Web\Microsoft.Health.Fhir.Shared.Web.projitems*{dcde987f-0b50-4233-8661-6b5a251e7cae}*SharedItemsImports = 5
		src\Microsoft.Health.Fhir.Shared.Core.UnitTests\Microsoft.Health.Fhir.Shared.Core.UnitTests.projitems*{df7fb46c-281a-48c9-a86e-f1f9314636e0}*SharedItemsImports = 13
		src\Microsoft.Health.Fhir.Shared.Tests\Microsoft.Health.Fhir.Shared.Tests.projitems*{e18e488b-ee9c-4735-81b1-65c74dae83cf}*SharedItemsImports = 5
		test\Microsoft.Health.Fhir.Shared.Tests.Integration\Microsoft.Health.Fhir.Shared.Tests.Integration.projitems*{e18e488b-ee9c-4735-81b1-65c74dae83cf}*SharedItemsImports = 5
		src\Microsoft.Health.Fhir.Shared.Web\Microsoft.Health.Fhir.Shared.Web.projitems*{e8aec3f3-efbb-4439-95ff-e45613cc7da2}*SharedItemsImports = 5
		src\Microsoft.Health.Fhir.Shared.Api.UnitTests\Microsoft.Health.Fhir.Shared.Api.UnitTests.projitems*{f0639ca9-bfd6-46ff-8454-bd8a1965b31a}*SharedItemsImports = 5
		src\Microsoft.Health.Fhir.Shared.Tests\Microsoft.Health.Fhir.Shared.Tests.projitems*{f0639ca9-bfd6-46ff-8454-bd8a1965b31a}*SharedItemsImports = 5
		src\Microsoft.Health.Fhir.Shared.Api.UnitTests\Microsoft.Health.Fhir.Shared.Api.UnitTests.projitems*{fcbad356-8af3-41b0-b578-eaaef6a5d365}*SharedItemsImports = 13
	EndGlobalSection
EndGlobal
