
Microsoft Visual Studio Solution File, Format Version 12.00
# Visual Studio Version 16
VisualStudioVersion = 16.0.31829.152
MinimumVisualStudioVersion = 10.0.40219.1
Project("{FAE04EC0-301F-11D3-BF4B-00C04F79EFBC}") = "FHIRDataSynth", "FHIRDataSynth.csproj", "{31EB2787-4E5A-4553-9340-4086DBA327CA}"
EndProject
Global
	GlobalSection(SolutionConfigurationPlatforms) = preSolution
		Debug|Any CPU = Debug|Any CPU
		Release|Any CPU = Release|Any CPU
	EndGlobalSection
	GlobalSection(ProjectConfigurationPlatforms) = postSolution
		{31EB2787-4E5A-4553-9340-4086DBA327CA}.Debug|Any CPU.ActiveCfg = Debug|Any CPU
		{31EB2787-4E5A-4553-9340-4086DBA327CA}.Debug|Any CPU.Build.0 = Debug|Any CPU
		{31EB2787-4E5A-4553-9340-4086DBA327CA}.Release|Any CPU.ActiveCfg = Release|Any CPU
		{31EB2787-4E5A-4553-9340-4086DBA327CA}.Release|Any CPU.Build.0 = Release|Any CPU
	EndGlobalSection
	GlobalSection(SolutionProperties) = preSolution
		HideSolutionNode = FALSE
	EndGlobalSection
	GlobalSection(ExtensibilityGlobals) = postSolution
		SolutionGuid = {E805E612-BAC3-4FEA-93AC-0EBF4FB408F6}
	EndGlobalSection
EndGlobal
