
Microsoft Visual Studio Solution File, Format Version 12.00
# Visual Studio Version 17
VisualStudioVersion = 17.4.32804.182
MinimumVisualStudioVersion = 10.0.40219.1
Project("{9A19103F-16F7-4668-BE54-9A1E7A4F7556}") = "SMARTProxy", "SMARTProxy\SMARTProxy.csproj", "{776E3525-0EEF-4B9D-B0D4-94086605F942}"
EndProject
Project("{FAE04EC0-301F-11D3-BF4B-00C04F79EFBC}") = "SMARTProxy.UnitTests", "SMARTProxy.UnitTests\SMARTProxy.UnitTests.csproj", "{34EDF8EC-A448-4DEC-9249-98159D72FF37}"
EndProject
Global
	GlobalSection(SolutionConfigurationPlatforms) = preSolution
		Debug|Any CPU = Debug|Any CPU
		Release|Any CPU = Release|Any CPU
	EndGlobalSection
	GlobalSection(ProjectConfigurationPlatforms) = postSolution
		{776E3525-0EEF-4B9D-B0D4-94086605F942}.Debug|Any CPU.ActiveCfg = Debug|Any CPU
		{776E3525-0EEF-4B9D-B0D4-94086605F942}.Debug|Any CPU.Build.0 = Debug|Any CPU
		{776E3525-0EEF-4B9D-B0D4-94086605F942}.Release|Any CPU.ActiveCfg = Release|Any CPU
		{776E3525-0EEF-4B9D-B0D4-94086605F942}.Release|Any CPU.Build.0 = Release|Any CPU
		{34EDF8EC-A448-4DEC-9249-98159D72FF37}.Debug|Any CPU.ActiveCfg = Debug|Any CPU
		{34EDF8EC-A448-4DEC-9249-98159D72FF37}.Debug|Any CPU.Build.0 = Debug|Any CPU
		{34EDF8EC-A448-4DEC-9249-98159D72FF37}.Release|Any CPU.ActiveCfg = Release|Any CPU
		{34EDF8EC-A448-4DEC-9249-98159D72FF37}.Release|Any CPU.Build.0 = Release|Any CPU
	EndGlobalSection
	GlobalSection(SolutionProperties) = preSolution
		HideSolutionNode = FALSE
	EndGlobalSection
	GlobalSection(ExtensibilityGlobals) = postSolution
		SolutionGuid = {B8481B13-E316-438C-910E-81395BB4E932}
	EndGlobalSection
EndGlobal
