Microsoft Visual Studio Solution File, Format Version 12.00
# Visual Studio Version 17
VisualStudioVersion = 17.5.2.0
MinimumVisualStudioVersion = 10.0.40219.1
Project("{FAE04EC0-301F-11D3-BF4B-00C04F79EFBC}") = "SmartLauncher", "SmartLauncher.csproj", "{49AE1395-AC51-6F1B-05F7-303818D7C829}"
EndProject
Global
	GlobalSection(SolutionConfigurationPlatforms) = preSolution
		Debug|Any CPU = Debug|Any CPU
		Release|Any CPU = Release|Any CPU
	EndGlobalSection
	GlobalSection(ProjectConfigurationPlatforms) = postSolution
		{49AE1395-AC51-6F1B-05F7-303818D7C829}.Debug|Any CPU.ActiveCfg = Debug|Any CPU
		{49AE1395-AC51-6F1B-05F7-303818D7C829}.Debug|Any CPU.Build.0 = Debug|Any CPU
		{49AE1395-AC51-6F1B-05F7-303818D7C829}.Release|Any CPU.ActiveCfg = Release|Any CPU
		{49AE1395-AC51-6F1B-05F7-303818D7C829}.Release|Any CPU.Build.0 = Release|Any CPU
	EndGlobalSection
	GlobalSection(SolutionProperties) = preSolution
		HideSolutionNode = FALSE
	EndGlobalSection
	GlobalSection(ExtensibilityGlobals) = postSolution
		SolutionGuid = {61A04EE4-4B53-4D3F-B83E-D5F09FF0EBE3}
	EndGlobalSection
EndGlobal
